{
  "originHash" : "d5fac088df6c1d9c735d6660ce5c731922c4e5e256151bd96590899f5c223f01",
  "pins" : [
    {
      "identity" : "vox",
      "kind" : "remoteSourceControl",
      "location" : "https://github.com/arach/vox.git",
      "state" : {
        "branch" : "main",
        "revision" : "960a1df81f6f6c0b7c1a40bcea3137d4b506e7b1"
      }
    }
  ],
  "version" : 3
}
