{
  "originHash" : "8332fb67f00b653790c3d14fc77538b2c12c6cbe9bd53292c7403694051672f8",
  "pins" : [
    {
      "identity" : "hudson",
      "kind" : "remoteSourceControl",
      "location" : "git@github.com:arach/hudson.git",
      "state" : {
        "branch" : "main",
        "revision" : "0ab97efc9af0141af08d64d3830fe3be077120f1"
      }
    }
  ],
  "version" : 3
}
