// !$*UTF8*$!
{
	archiveVersion = 1;
	classes = {
	};
	objectVersion = 77;
	objects = {

/* Begin PBXBuildFile section */
		024690DD45A7E0586ABC1BD9 /* DispatchApp.swift in Sources */ = {isa = PBXBuildFile; fileRef = 1B6F820B9EFCD3131A447FB1 /* DispatchApp.swift */; };
		06ECEAA244081C344C3901A5 /* SessionListView.swift in Sources */ = {isa = PBXBuildFile; fileRef = C2206F95E9DD264BA8491D5B /* SessionListView.swift */; };
		0AA8197805265C93F7D57EAB /* ActionBlockView.swift in Sources */ = {isa = PBXBuildFile; fileRef = E1A1FAC69CD373BF854865EB /* ActionBlockView.swift */; };
		0D4C8B29F8329239440743F4 /* TimelineView.swift in Sources */ = {isa = PBXBuildFile; fileRef = 4ABDD6DBF33CAA70943CD74F /* TimelineView.swift */; };
		1052A3ED3EED5184B5D08217 /* ComposerView.swift in Sources */ = {isa = PBXBuildFile; fileRef = 55A055338CFBEE60AE9EDBCF /* ComposerView.swift */; };
		1C73E4942BEFE9AA17168A4B /* DispatchCompactKeyboard.swift in Sources */ = {isa = PBXBuildFile; fileRef = C61DA760ECD1ED98341C3C7B /* DispatchCompactKeyboard.swift */; };
		1EF7C6B27A71319F9ECCE30F /* Assets.xcassets in Resources */ = {isa = PBXBuildFile; fileRef = D2AFB852803A077FB9A2071E /* Assets.xcassets */; };
		1F980B4481D8219F7E1BC59E /* ErrorBlockView.swift in Sources */ = {isa = PBXBuildFile; fileRef = 80816A92438426963C892B5D /* ErrorBlockView.swift */; };
		271044DB7FAB017CEB113D7E /* SessionDiscoveryView.swift in Sources */ = {isa = PBXBuildFile; fileRef = 0126EE15E91AF849DE5F324A /* SessionDiscoveryView.swift */; };
		28D6B7BC62A97CE3D8C7F5E5 /* ContentView.swift in Sources */ = {isa = PBXBuildFile; fileRef = EF8AF1E8CB4A4A25EBD501CE /* ContentView.swift */; };
		2CC3751F265E518EA2489566 /* DispatchVoice.swift in Sources */ = {isa = PBXBuildFile; fileRef = C3098BEBC93C475D45A1B62C /* DispatchVoice.swift */; };
		3E3DAD2D6D28035192ACAD3F /* WorkspaceBrowserView.swift in Sources */ = {isa = PBXBuildFile; fileRef = 856F9437A5B456B57774546F /* WorkspaceBrowserView.swift */; };
		40BF5085050A217233A0423E /* SessionHistoryView.swift in Sources */ = {isa = PBXBuildFile; fileRef = 8673E2FC76E8BE78338B9981 /* SessionHistoryView.swift */; };
		42266C8A0FF513D23C4CFE0A /* KeyComponents.swift in Sources */ = {isa = PBXBuildFile; fileRef = E31B8591C6B6F924664E5403 /* KeyComponents.swift */; };
		42DB7213A207F8995C0EC3A2 /* TurnView.swift in Sources */ = {isa = PBXBuildFile; fileRef = 2BDA16B66566A120D36801C8 /* TurnView.swift */; };
		4B2FA29B2DC1E84596F68AA3 /* HistoryRPC.swift in Sources */ = {isa = PBXBuildFile; fileRef = E172F9B4E08A289CF881D773 /* HistoryRPC.swift */; };
		60E1A5114D6821AB013D0376 /* SecureTransport.swift in Sources */ = {isa = PBXBuildFile; fileRef = F3CA207115AE477521C95414 /* SecureTransport.swift */; };
		64215B7A77B84DBB20242F6A /* DispatchKeyboardView.swift in Sources */ = {isa = PBXBuildFile; fileRef = 37E95F9BF96ADDB133ACD1C1 /* DispatchKeyboardView.swift */; };
		6ED0F9750C5495559341CD03 /* Theme.swift in Sources */ = {isa = PBXBuildFile; fileRef = FF133C842E316D7B7CC0DA69 /* Theme.swift */; };
		7FF6DE7F5B55C34264549407 /* RPC.swift in Sources */ = {isa = PBXBuildFile; fileRef = 3C2708A13639F916F46E9F25 /* RPC.swift */; };
		839DD4709789E9278B663E3C /* ConnectionManager.swift in Sources */ = {isa = PBXBuildFile; fileRef = 8D616599EAF0DD38A9D0D02C /* ConnectionManager.swift */; };
		9893C7611E1452899B3A76A8 /* ReasoningBlockView.swift in Sources */ = {isa = PBXBuildFile; fileRef = 8F8905390CC140CFC486EC4A /* ReasoningBlockView.swift */; };
		991CED4413E1E700E8AAECC4 /* RecordingIndicator.swift in Sources */ = {isa = PBXBuildFile; fileRef = A3AEABAAF76DC041E1463409 /* RecordingIndicator.swift */; };
		99D0812F7B4CD36577FAC405 /* FileBlockView.swift in Sources */ = {isa = PBXBuildFile; fileRef = 28AB720CF1B78F305781F54C /* FileBlockView.swift */; };
		9B0E7F464065944878B1B294 /* BlockView.swift in Sources */ = {isa = PBXBuildFile; fileRef = 70E82B7CC48618156483D662 /* BlockView.swift */; };
		9D87CDCE282E129EF7EF3A86 /* NoiseProtocolTests.swift in Sources */ = {isa = PBXBuildFile; fileRef = 93209E212B3E33281F0F5012 /* NoiseProtocolTests.swift */; };
		9E82DAA87C24D5533DD67AC9 /* SettingsView.swift in Sources */ = {isa = PBXBuildFile; fileRef = 8A9E4E3EBC468474CAA40BBE /* SettingsView.swift */; };
		A7F99B2CBD595CDC74BA0F64 /* PermissionAuthorizations.swift in Sources */ = {isa = PBXBuildFile; fileRef = B3E2C14C4B1706521E5C82EE /* PermissionAuthorizations.swift */; };
		ADBD0B8CC58CBB9F3AE2BB3C /* MicButton.swift in Sources */ = {isa = PBXBuildFile; fileRef = 9EBFD10EA6B603D461930152 /* MicButton.swift */; };
		B075A8E2209CB73C6E977727 /* CrashCatcher.swift in Sources */ = {isa = PBXBuildFile; fileRef = 5380AC65E9AF99C48665EBB8 /* CrashCatcher.swift */; };
		B1ED1393B31DFCB8A1860D4C /* DispatchTextField.swift in Sources */ = {isa = PBXBuildFile; fileRef = D314850A5C0B9C595E90EC24 /* DispatchTextField.swift */; };
		B2A545FD0CE3ACF2185345EC /* HarnessPickerView.swift in Sources */ = {isa = PBXBuildFile; fileRef = 8C6353B9B6B0004ADCF83B65 /* HarnessPickerView.swift */; };
		B417114FC865C66FD3BDDF10 /* SessionStore.swift in Sources */ = {isa = PBXBuildFile; fileRef = D5E840B05E97F0D2F16F19B4 /* SessionStore.swift */; };
		B9C49096F732EA6D04BE3996 /* TurnHashTests.swift in Sources */ = {isa = PBXBuildFile; fileRef = 8D16EC91ACFB6436C766EB02 /* TurnHashTests.swift */; };
		B9D993A23CD190359605FC13 /* Primitives.swift in Sources */ = {isa = PBXBuildFile; fileRef = DEC0ADC9DC82EA570BEFEFE1 /* Primitives.swift */; };
		BD08A44F26C26C5B2554BBDC /* SpectatorView.swift in Sources */ = {isa = PBXBuildFile; fileRef = C1D6E3AC343E4052E20E1961 /* SpectatorView.swift */; };
		BE06EC145643D034E55773AF /* Identity.swift in Sources */ = {isa = PBXBuildFile; fileRef = 2F9440C2520D34CB488608EE /* Identity.swift */; };
		C7E9010665422FC72B045C84 /* SessionCache.swift in Sources */ = {isa = PBXBuildFile; fileRef = 518944AD83E30D4FF2BF2A70 /* SessionCache.swift */; };
		DB2CA98BF50B4297233D4883 /* DispatchLog.swift in Sources */ = {isa = PBXBuildFile; fileRef = A1E7B63BECDE6086C8DDDDBF /* DispatchLog.swift */; };
		DD154E71D6BD1A102E29A1F6 /* OnboardingView.swift in Sources */ = {isa = PBXBuildFile; fileRef = 5A3B039D8107920CECCF3D53 /* OnboardingView.swift */; };
		E42F6E696130E872F5CBA709 /* QRScannerView.swift in Sources */ = {isa = PBXBuildFile; fileRef = BC4268EBB61F4D128487EA44 /* QRScannerView.swift */; };
		EAA3AE3DD4267DD7CFD57FC1 /* SessionRowView.swift in Sources */ = {isa = PBXBuildFile; fileRef = 7FBC38048BE7037293578610 /* SessionRowView.swift */; };
		EF422FE388946466487BBEBE /* TurnHash.swift in Sources */ = {isa = PBXBuildFile; fileRef = 98DCAB66AF75223D6D42AA2E /* TurnHash.swift */; };
		EF88493A3F46082DD1CD1D48 /* TextBlockView.swift in Sources */ = {isa = PBXBuildFile; fileRef = 84F363DAA728DB90FAEAC166 /* TextBlockView.swift */; };
		F1B609E44341093193BD19FB /* PairingView.swift in Sources */ = {isa = PBXBuildFile; fileRef = D0E2B72410DDF653E7ADC8F0 /* PairingView.swift */; };
		F444F54E75F89EE98A6F616B /* Events.swift in Sources */ = {isa = PBXBuildFile; fileRef = 6527ABADAC77B7F7C4F66D3C /* Events.swift */; };
		F7B9541A1BBA9EA3B3E3E8D1 /* LogView.swift in Sources */ = {isa = PBXBuildFile; fileRef = 0C909C0186982B353D828BBD /* LogView.swift */; };
		F7BE6DF7CCFE24A3FBC96663 /* FluidAudio in Frameworks */ = {isa = PBXBuildFile; productRef = AECA273B49607FE263C65DF7 /* FluidAudio */; };
		F851EC5DDB1239BB9EF82C44 /* NoiseProtocol.swift in Sources */ = {isa = PBXBuildFile; fileRef = 5B44EC4EB4A68D892E912773 /* NoiseProtocol.swift */; };
		F9E29079B81F8B011778C921 /* QRPayload.swift in Sources */ = {isa = PBXBuildFile; fileRef = 3951ED2484254EAEC2107C4A /* QRPayload.swift */; };
/* End PBXBuildFile section */

/* Begin PBXContainerItemProxy section */
		D8D2199CC828C57D201615D8 /* PBXContainerItemProxy */ = {
			isa = PBXContainerItemProxy;
			containerPortal = 14AA8085D6B9BBFD53B912AB /* Project object */;
			proxyType = 1;
			remoteGlobalIDString = F8D4C25F8FF1C76660AEE763;
			remoteInfo = DispatchApp;
		};
/* End PBXContainerItemProxy section */

/* Begin PBXFileReference section */
		0126EE15E91AF849DE5F324A /* SessionDiscoveryView.swift */ = {isa = PBXFileReference; lastKnownFileType = sourcecode.swift; path = SessionDiscoveryView.swift; sourceTree = "<group>"; };
		0C909C0186982B353D828BBD /* LogView.swift */ = {isa = PBXFileReference; lastKnownFileType = sourcecode.swift; path = LogView.swift; sourceTree = "<group>"; };
		1B6F820B9EFCD3131A447FB1 /* DispatchApp.swift */ = {isa = PBXFileReference; lastKnownFileType = sourcecode.swift; path = DispatchApp.swift; sourceTree = "<group>"; };
		253F5E76243124E291EBAB75 /* DispatchApp.app */ = {isa = PBXFileReference; includeInIndex = 0; lastKnownFileType = wrapper.application; path = DispatchApp.app; sourceTree = BUILT_PRODUCTS_DIR; };
		28AB720CF1B78F305781F54C /* FileBlockView.swift */ = {isa = PBXFileReference; lastKnownFileType = sourcecode.swift; path = FileBlockView.swift; sourceTree = "<group>"; };
		2BDA16B66566A120D36801C8 /* TurnView.swift */ = {isa = PBXFileReference; lastKnownFileType = sourcecode.swift; path = TurnView.swift; sourceTree = "<group>"; };
		2F9440C2520D34CB488608EE /* Identity.swift */ = {isa = PBXFileReference; lastKnownFileType = sourcecode.swift; path = Identity.swift; sourceTree = "<group>"; };
		37E95F9BF96ADDB133ACD1C1 /* DispatchKeyboardView.swift */ = {isa = PBXFileReference; lastKnownFileType = sourcecode.swift; path = DispatchKeyboardView.swift; sourceTree = "<group>"; };
		3951ED2484254EAEC2107C4A /* QRPayload.swift */ = {isa = PBXFileReference; lastKnownFileType = sourcecode.swift; path = QRPayload.swift; sourceTree = "<group>"; };
		3B3713F5AA798065B0E99603 /* DispatchTests.xctest */ = {isa = PBXFileReference; includeInIndex = 0; lastKnownFileType = wrapper.cfbundle; path = DispatchTests.xctest; sourceTree = BUILT_PRODUCTS_DIR; };
		3C2708A13639F916F46E9F25 /* RPC.swift */ = {isa = PBXFileReference; lastKnownFileType = sourcecode.swift; path = RPC.swift; sourceTree = "<group>"; };
		4ABDD6DBF33CAA70943CD74F /* TimelineView.swift */ = {isa = PBXFileReference; lastKnownFileType = sourcecode.swift; path = TimelineView.swift; sourceTree = "<group>"; };
		518944AD83E30D4FF2BF2A70 /* SessionCache.swift */ = {isa = PBXFileReference; lastKnownFileType = sourcecode.swift; path = SessionCache.swift; sourceTree = "<group>"; };
		5380AC65E9AF99C48665EBB8 /* CrashCatcher.swift */ = {isa = PBXFileReference; lastKnownFileType = sourcecode.swift; path = CrashCatcher.swift; sourceTree = "<group>"; };
		55A055338CFBEE60AE9EDBCF /* ComposerView.swift */ = {isa = PBXFileReference; lastKnownFileType = sourcecode.swift; path = ComposerView.swift; sourceTree = "<group>"; };
		5A3B039D8107920CECCF3D53 /* OnboardingView.swift */ = {isa = PBXFileReference; lastKnownFileType = sourcecode.swift; path = OnboardingView.swift; sourceTree = "<group>"; };
		5B44EC4EB4A68D892E912773 /* NoiseProtocol.swift */ = {isa = PBXFileReference; lastKnownFileType = sourcecode.swift; path = NoiseProtocol.swift; sourceTree = "<group>"; };
		6527ABADAC77B7F7C4F66D3C /* Events.swift */ = {isa = PBXFileReference; lastKnownFileType = sourcecode.swift; path = Events.swift; sourceTree = "<group>"; };
		70E82B7CC48618156483D662 /* BlockView.swift */ = {isa = PBXFileReference; lastKnownFileType = sourcecode.swift; path = BlockView.swift; sourceTree = "<group>"; };
		7FBC38048BE7037293578610 /* SessionRowView.swift */ = {isa = PBXFileReference; lastKnownFileType = sourcecode.swift; path = SessionRowView.swift; sourceTree = "<group>"; };
		80816A92438426963C892B5D /* ErrorBlockView.swift */ = {isa = PBXFileReference; lastKnownFileType = sourcecode.swift; path = ErrorBlockView.swift; sourceTree = "<group>"; };
		84F363DAA728DB90FAEAC166 /* TextBlockView.swift */ = {isa = PBXFileReference; lastKnownFileType = sourcecode.swift; path = TextBlockView.swift; sourceTree = "<group>"; };
		856F9437A5B456B57774546F /* WorkspaceBrowserView.swift */ = {isa = PBXFileReference; lastKnownFileType = sourcecode.swift; path = WorkspaceBrowserView.swift; sourceTree = "<group>"; };
		8673E2FC76E8BE78338B9981 /* SessionHistoryView.swift */ = {isa = PBXFileReference; lastKnownFileType = sourcecode.swift; path = SessionHistoryView.swift; sourceTree = "<group>"; };
		88EBE228A886101BACA98664 /* Info.plist */ = {isa = PBXFileReference; lastKnownFileType = text.plist; path = Info.plist; sourceTree = "<group>"; };
		8A9E4E3EBC468474CAA40BBE /* SettingsView.swift */ = {isa = PBXFileReference; lastKnownFileType = sourcecode.swift; path = SettingsView.swift; sourceTree = "<group>"; };
		8C6353B9B6B0004ADCF83B65 /* HarnessPickerView.swift */ = {isa = PBXFileReference; lastKnownFileType = sourcecode.swift; path = HarnessPickerView.swift; sourceTree = "<group>"; };
		8D16EC91ACFB6436C766EB02 /* TurnHashTests.swift */ = {isa = PBXFileReference; lastKnownFileType = sourcecode.swift; path = TurnHashTests.swift; sourceTree = "<group>"; };
		8D616599EAF0DD38A9D0D02C /* ConnectionManager.swift */ = {isa = PBXFileReference; lastKnownFileType = sourcecode.swift; path = ConnectionManager.swift; sourceTree = "<group>"; };
		8F8905390CC140CFC486EC4A /* ReasoningBlockView.swift */ = {isa = PBXFileReference; lastKnownFileType = sourcecode.swift; path = ReasoningBlockView.swift; sourceTree = "<group>"; };
		93209E212B3E33281F0F5012 /* NoiseProtocolTests.swift */ = {isa = PBXFileReference; lastKnownFileType = sourcecode.swift; path = NoiseProtocolTests.swift; sourceTree = "<group>"; };
		98DCAB66AF75223D6D42AA2E /* TurnHash.swift */ = {isa = PBXFileReference; lastKnownFileType = sourcecode.swift; path = TurnHash.swift; sourceTree = "<group>"; };
		9EBFD10EA6B603D461930152 /* MicButton.swift */ = {isa = PBXFileReference; lastKnownFileType = sourcecode.swift; path = MicButton.swift; sourceTree = "<group>"; };
		A1E7B63BECDE6086C8DDDDBF /* DispatchLog.swift */ = {isa = PBXFileReference; lastKnownFileType = sourcecode.swift; path = DispatchLog.swift; sourceTree = "<group>"; };
		A3AEABAAF76DC041E1463409 /* RecordingIndicator.swift */ = {isa = PBXFileReference; lastKnownFileType = sourcecode.swift; path = RecordingIndicator.swift; sourceTree = "<group>"; };
		B3E2C14C4B1706521E5C82EE /* PermissionAuthorizations.swift */ = {isa = PBXFileReference; lastKnownFileType = sourcecode.swift; path = PermissionAuthorizations.swift; sourceTree = "<group>"; };
		BC4268EBB61F4D128487EA44 /* QRScannerView.swift */ = {isa = PBXFileReference; lastKnownFileType = sourcecode.swift; path = QRScannerView.swift; sourceTree = "<group>"; };
		C1D6E3AC343E4052E20E1961 /* SpectatorView.swift */ = {isa = PBXFileReference; lastKnownFileType = sourcecode.swift; path = SpectatorView.swift; sourceTree = "<group>"; };
		C2206F95E9DD264BA8491D5B /* SessionListView.swift */ = {isa = PBXFileReference; lastKnownFileType = sourcecode.swift; path = SessionListView.swift; sourceTree = "<group>"; };
		C3098BEBC93C475D45A1B62C /* DispatchVoice.swift */ = {isa = PBXFileReference; lastKnownFileType = sourcecode.swift; path = DispatchVoice.swift; sourceTree = "<group>"; };
		C61DA760ECD1ED98341C3C7B /* DispatchCompactKeyboard.swift */ = {isa = PBXFileReference; lastKnownFileType = sourcecode.swift; path = DispatchCompactKeyboard.swift; sourceTree = "<group>"; };
		D0E2B72410DDF653E7ADC8F0 /* PairingView.swift */ = {isa = PBXFileReference; lastKnownFileType = sourcecode.swift; path = PairingView.swift; sourceTree = "<group>"; };
		D2AFB852803A077FB9A2071E /* Assets.xcassets */ = {isa = PBXFileReference; lastKnownFileType = folder.assetcatalog; path = Assets.xcassets; sourceTree = "<group>"; };
		D314850A5C0B9C595E90EC24 /* DispatchTextField.swift */ = {isa = PBXFileReference; lastKnownFileType = sourcecode.swift; path = DispatchTextField.swift; sourceTree = "<group>"; };
		D5E840B05E97F0D2F16F19B4 /* SessionStore.swift */ = {isa = PBXFileReference; lastKnownFileType = sourcecode.swift; path = SessionStore.swift; sourceTree = "<group>"; };
		DEC0ADC9DC82EA570BEFEFE1 /* Primitives.swift */ = {isa = PBXFileReference; lastKnownFileType = sourcecode.swift; path = Primitives.swift; sourceTree = "<group>"; };
		E172F9B4E08A289CF881D773 /* HistoryRPC.swift */ = {isa = PBXFileReference; lastKnownFileType = sourcecode.swift; path = HistoryRPC.swift; sourceTree = "<group>"; };
		E1A1FAC69CD373BF854865EB /* ActionBlockView.swift */ = {isa = PBXFileReference; lastKnownFileType = sourcecode.swift; path = ActionBlockView.swift; sourceTree = "<group>"; };
		E31B8591C6B6F924664E5403 /* KeyComponents.swift */ = {isa = PBXFileReference; lastKnownFileType = sourcecode.swift; path = KeyComponents.swift; sourceTree = "<group>"; };
		EF8AF1E8CB4A4A25EBD501CE /* ContentView.swift */ = {isa = PBXFileReference; lastKnownFileType = sourcecode.swift; path = ContentView.swift; sourceTree = "<group>"; };
		F3CA207115AE477521C95414 /* SecureTransport.swift */ = {isa = PBXFileReference; lastKnownFileType = sourcecode.swift; path = SecureTransport.swift; sourceTree = "<group>"; };
		FF133C842E316D7B7CC0DA69 /* Theme.swift */ = {isa = PBXFileReference; lastKnownFileType = sourcecode.swift; path = Theme.swift; sourceTree = "<group>"; };
/* End PBXFileReference section */

/* Begin PBXFrameworksBuildPhase section */
		EA0EE9DD8FD0C4BBAF7E419D /* Frameworks */ = {
			isa = PBXFrameworksBuildPhase;
			buildActionMask = 2147483647;
			files = (
				F7BE6DF7CCFE24A3FBC96663 /* FluidAudio in Frameworks */,
			);
			runOnlyForDeploymentPostprocessing = 0;
		};
/* End PBXFrameworksBuildPhase section */

/* Begin PBXGroup section */
		1228353A9912955E7BC94D20 /* Workspace */ = {
			isa = PBXGroup;
			children = (
				8C6353B9B6B0004ADCF83B65 /* HarnessPickerView.swift */,
				856F9437A5B456B57774546F /* WorkspaceBrowserView.swift */,
			);
			path = Workspace;
			sourceTree = "<group>";
		};
		261B70FC90EBB0F0C3D583F8 /* Products */ = {
			isa = PBXGroup;
			children = (
				253F5E76243124E291EBAB75 /* DispatchApp.app */,
				3B3713F5AA798065B0E99603 /* DispatchTests.xctest */,
			);
			name = Products;
			sourceTree = "<group>";
		};
		2D0F70B30A7320F98A21AA92 /* Blocks */ = {
			isa = PBXGroup;
			children = (
				E1A1FAC69CD373BF854865EB /* ActionBlockView.swift */,
				70E82B7CC48618156483D662 /* BlockView.swift */,
				80816A92438426963C892B5D /* ErrorBlockView.swift */,
				28AB720CF1B78F305781F54C /* FileBlockView.swift */,
				8F8905390CC140CFC486EC4A /* ReasoningBlockView.swift */,
				84F363DAA728DB90FAEAC166 /* TextBlockView.swift */,
			);
			path = Blocks;
			sourceTree = "<group>";
		};
		55903273FD3331578EF24901 /* Services */ = {
			isa = PBXGroup;
			children = (
				8D616599EAF0DD38A9D0D02C /* ConnectionManager.swift */,
				5380AC65E9AF99C48665EBB8 /* CrashCatcher.swift */,
				A1E7B63BECDE6086C8DDDDBF /* DispatchLog.swift */,
				B3E2C14C4B1706521E5C82EE /* PermissionAuthorizations.swift */,
				518944AD83E30D4FF2BF2A70 /* SessionCache.swift */,
				D5E840B05E97F0D2F16F19B4 /* SessionStore.swift */,
				98DCAB66AF75223D6D42AA2E /* TurnHash.swift */,
			);
			path = Services;
			sourceTree = "<group>";
		};
		565D537CD6A6F72A4AF782EF /* SessionList */ = {
			isa = PBXGroup;
			children = (
				8673E2FC76E8BE78338B9981 /* SessionHistoryView.swift */,
				C2206F95E9DD264BA8491D5B /* SessionListView.swift */,
				7FBC38048BE7037293578610 /* SessionRowView.swift */,
			);
			path = SessionList;
			sourceTree = "<group>";
		};
		5EBA5894D36560FC0EF27761 /* Resources */ = {
			isa = PBXGroup;
			children = (
				D2AFB852803A077FB9A2071E /* Assets.xcassets */,
			);
			path = Resources;
			sourceTree = "<group>";
		};
		61192B5FC5800F7EF24EABED /* DispatchTests */ = {
			isa = PBXGroup;
			children = (
				8D16EC91ACFB6436C766EB02 /* TurnHashTests.swift */,
				97ED143F636F823255ADCB83 /* Security */,
			);
			path = DispatchTests;
			sourceTree = "<group>";
		};
		6E460B7D1EC25346624E97AD /* Views */ = {
			isa = PBXGroup;
			children = (
				FF133C842E316D7B7CC0DA69 /* Theme.swift */,
				2D0F70B30A7320F98A21AA92 /* Blocks */,
				C6761EE885F43D980B3A7C62 /* Composer */,
				91EAEB6D188156E7C22F0FE9 /* Discovery */,
				8B777228A4AB9560B495F507 /* Keyboard */,
				C9A23DFB5C9E89782E9AC24B /* Onboarding */,
				999355CD1E37FBF5BF91E32C /* Pairing */,
				565D537CD6A6F72A4AF782EF /* SessionList */,
				94A68976FFBDFDFA49B158EA /* Settings */,
				71B590B6BC93EC4D78CC4BD2 /* Timeline */,
				1228353A9912955E7BC94D20 /* Workspace */,
			);
			path = Views;
			sourceTree = "<group>";
		};
		71B590B6BC93EC4D78CC4BD2 /* Timeline */ = {
			isa = PBXGroup;
			children = (
				4ABDD6DBF33CAA70943CD74F /* TimelineView.swift */,
				2BDA16B66566A120D36801C8 /* TurnView.swift */,
			);
			path = Timeline;
			sourceTree = "<group>";
		};
		746B01343AD58FE591E8AC47 /* Dispatch */ = {
			isa = PBXGroup;
			children = (
				88EBE228A886101BACA98664 /* Info.plist */,
				E77115DB637571F77701CAF2 /* App */,
				B58370D6D6C9DD01059AD4B7 /* Models */,
				5EBA5894D36560FC0EF27761 /* Resources */,
				E5557D807DD820F7273E3501 /* Security */,
				55903273FD3331578EF24901 /* Services */,
				6E460B7D1EC25346624E97AD /* Views */,
				78B2BE4DE9A27446AA1509EE /* Voice */,
			);
			path = Dispatch;
			sourceTree = "<group>";
		};
		78B2BE4DE9A27446AA1509EE /* Voice */ = {
			isa = PBXGroup;
			children = (
				C3098BEBC93C475D45A1B62C /* DispatchVoice.swift */,
			);
			path = Voice;
			sourceTree = "<group>";
		};
		8B777228A4AB9560B495F507 /* Keyboard */ = {
			isa = PBXGroup;
			children = (
				C61DA760ECD1ED98341C3C7B /* DispatchCompactKeyboard.swift */,
				37E95F9BF96ADDB133ACD1C1 /* DispatchKeyboardView.swift */,
				E31B8591C6B6F924664E5403 /* KeyComponents.swift */,
			);
			path = Keyboard;
			sourceTree = "<group>";
		};
		91EAEB6D188156E7C22F0FE9 /* Discovery */ = {
			isa = PBXGroup;
			children = (
				0126EE15E91AF849DE5F324A /* SessionDiscoveryView.swift */,
				C1D6E3AC343E4052E20E1961 /* SpectatorView.swift */,
			);
			path = Discovery;
			sourceTree = "<group>";
		};
		94A68976FFBDFDFA49B158EA /* Settings */ = {
			isa = PBXGroup;
			children = (
				0C909C0186982B353D828BBD /* LogView.swift */,
				8A9E4E3EBC468474CAA40BBE /* SettingsView.swift */,
			);
			path = Settings;
			sourceTree = "<group>";
		};
		97ED143F636F823255ADCB83 /* Security */ = {
			isa = PBXGroup;
			children = (
				93209E212B3E33281F0F5012 /* NoiseProtocolTests.swift */,
			);
			path = Security;
			sourceTree = "<group>";
		};
		999355CD1E37FBF5BF91E32C /* Pairing */ = {
			isa = PBXGroup;
			children = (
				D0E2B72410DDF653E7ADC8F0 /* PairingView.swift */,
				BC4268EBB61F4D128487EA44 /* QRScannerView.swift */,
			);
			path = Pairing;
			sourceTree = "<group>";
		};
		B58370D6D6C9DD01059AD4B7 /* Models */ = {
			isa = PBXGroup;
			children = (
				6527ABADAC77B7F7C4F66D3C /* Events.swift */,
				E172F9B4E08A289CF881D773 /* HistoryRPC.swift */,
				DEC0ADC9DC82EA570BEFEFE1 /* Primitives.swift */,
				3C2708A13639F916F46E9F25 /* RPC.swift */,
			);
			path = Models;
			sourceTree = "<group>";
		};
		BDA84CECE8EE0829C694EAFC = {
			isa = PBXGroup;
			children = (
				746B01343AD58FE591E8AC47 /* Dispatch */,
				61192B5FC5800F7EF24EABED /* DispatchTests */,
				261B70FC90EBB0F0C3D583F8 /* Products */,
			);
			sourceTree = "<group>";
		};
		C6761EE885F43D980B3A7C62 /* Composer */ = {
			isa = PBXGroup;
			children = (
				55A055338CFBEE60AE9EDBCF /* ComposerView.swift */,
				D314850A5C0B9C595E90EC24 /* DispatchTextField.swift */,
				9EBFD10EA6B603D461930152 /* MicButton.swift */,
				A3AEABAAF76DC041E1463409 /* RecordingIndicator.swift */,
			);
			path = Composer;
			sourceTree = "<group>";
		};
		C9A23DFB5C9E89782E9AC24B /* Onboarding */ = {
			isa = PBXGroup;
			children = (
				5A3B039D8107920CECCF3D53 /* OnboardingView.swift */,
			);
			path = Onboarding;
			sourceTree = "<group>";
		};
		E5557D807DD820F7273E3501 /* Security */ = {
			isa = PBXGroup;
			children = (
				2F9440C2520D34CB488608EE /* Identity.swift */,
				5B44EC4EB4A68D892E912773 /* NoiseProtocol.swift */,
				3951ED2484254EAEC2107C4A /* QRPayload.swift */,
				F3CA207115AE477521C95414 /* SecureTransport.swift */,
			);
			path = Security;
			sourceTree = "<group>";
		};
		E77115DB637571F77701CAF2 /* App */ = {
			isa = PBXGroup;
			children = (
				EF8AF1E8CB4A4A25EBD501CE /* ContentView.swift */,
				1B6F820B9EFCD3131A447FB1 /* DispatchApp.swift */,
			);
			path = App;
			sourceTree = "<group>";
		};
/* End PBXGroup section */

/* Begin PBXNativeTarget section */
		103C5B8B23A21AF77287FF3E /* DispatchTests */ = {
			isa = PBXNativeTarget;
			buildConfigurationList = DD5C91EAEBF650EF0CFB68C8 /* Build configuration list for PBXNativeTarget "DispatchTests" */;
			buildPhases = (
				D843C818FC11350BA25E0749 /* Sources */,
			);
			buildRules = (
			);
			dependencies = (
				7C2B9EE260C7F577257A71D8 /* PBXTargetDependency */,
			);
			name = DispatchTests;
			packageProductDependencies = (
			);
			productName = DispatchTests;
			productReference = 3B3713F5AA798065B0E99603 /* DispatchTests.xctest */;
			productType = "com.apple.product-type.bundle.unit-test";
		};
		F8D4C25F8FF1C76660AEE763 /* DispatchApp */ = {
			isa = PBXNativeTarget;
			buildConfigurationList = CFC07B7D79A07F017571DE61 /* Build configuration list for PBXNativeTarget "DispatchApp" */;
			buildPhases = (
				1A0AE4D8A58230DA637E3F5F /* Sources */,
				28B097CAA001976DFDC934CD /* Resources */,
				EA0EE9DD8FD0C4BBAF7E419D /* Frameworks */,
			);
			buildRules = (
			);
			dependencies = (
			);
			name = DispatchApp;
			packageProductDependencies = (
				AECA273B49607FE263C65DF7 /* FluidAudio */,
			);
			productName = DispatchApp;
			productReference = 253F5E76243124E291EBAB75 /* DispatchApp.app */;
			productType = "com.apple.product-type.application";
		};
/* End PBXNativeTarget section */

/* Begin PBXProject section */
		14AA8085D6B9BBFD53B912AB /* Project object */ = {
			isa = PBXProject;
			attributes = {
				BuildIndependentTargetsInParallel = YES;
				LastUpgradeCheck = 1430;
				TargetAttributes = {
					103C5B8B23A21AF77287FF3E = {
						DevelopmentTeam = 2U83JFPW66;
					};
					F8D4C25F8FF1C76660AEE763 = {
						DevelopmentTeam = 2U83JFPW66;
					};
				};
			};
			buildConfigurationList = FE140F6FB49B1E6BA0BB785B /* Build configuration list for PBXProject "Dispatch" */;
			compatibilityVersion = "Xcode 14.0";
			developmentRegion = en;
			hasScannedForEncodings = 0;
			knownRegions = (
				Base,
				en,
			);
			mainGroup = BDA84CECE8EE0829C694EAFC;
			minimizedProjectReferenceProxies = 1;
			packageReferences = (
				6E4F85518B85B40089C9FB70 /* XCRemoteSwiftPackageReference "FluidAudio" */,
			);
			preferredProjectObjectVersion = 77;
			projectDirPath = "";
			projectRoot = "";
			targets = (
				F8D4C25F8FF1C76660AEE763 /* DispatchApp */,
				103C5B8B23A21AF77287FF3E /* DispatchTests */,
			);
		};
/* End PBXProject section */

/* Begin PBXResourcesBuildPhase section */
		28B097CAA001976DFDC934CD /* Resources */ = {
			isa = PBXResourcesBuildPhase;
			buildActionMask = 2147483647;
			files = (
				1EF7C6B27A71319F9ECCE30F /* Assets.xcassets in Resources */,
			);
			runOnlyForDeploymentPostprocessing = 0;
		};
/* End PBXResourcesBuildPhase section */

/* Begin PBXSourcesBuildPhase section */
		1A0AE4D8A58230DA637E3F5F /* Sources */ = {
			isa = PBXSourcesBuildPhase;
			buildActionMask = 2147483647;
			files = (
				0AA8197805265C93F7D57EAB /* ActionBlockView.swift in Sources */,
				9B0E7F464065944878B1B294 /* BlockView.swift in Sources */,
				1052A3ED3EED5184B5D08217 /* ComposerView.swift in Sources */,
				839DD4709789E9278B663E3C /* ConnectionManager.swift in Sources */,
				28D6B7BC62A97CE3D8C7F5E5 /* ContentView.swift in Sources */,
				B075A8E2209CB73C6E977727 /* CrashCatcher.swift in Sources */,
				024690DD45A7E0586ABC1BD9 /* DispatchApp.swift in Sources */,
				1C73E4942BEFE9AA17168A4B /* DispatchCompactKeyboard.swift in Sources */,
				64215B7A77B84DBB20242F6A /* DispatchKeyboardView.swift in Sources */,
				DB2CA98BF50B4297233D4883 /* DispatchLog.swift in Sources */,
				B1ED1393B31DFCB8A1860D4C /* DispatchTextField.swift in Sources */,
				2CC3751F265E518EA2489566 /* DispatchVoice.swift in Sources */,
				1F980B4481D8219F7E1BC59E /* ErrorBlockView.swift in Sources */,
				F444F54E75F89EE98A6F616B /* Events.swift in Sources */,
				99D0812F7B4CD36577FAC405 /* FileBlockView.swift in Sources */,
				B2A545FD0CE3ACF2185345EC /* HarnessPickerView.swift in Sources */,
				4B2FA29B2DC1E84596F68AA3 /* HistoryRPC.swift in Sources */,
				BE06EC145643D034E55773AF /* Identity.swift in Sources */,
				42266C8A0FF513D23C4CFE0A /* KeyComponents.swift in Sources */,
				F7B9541A1BBA9EA3B3E3E8D1 /* LogView.swift in Sources */,
				ADBD0B8CC58CBB9F3AE2BB3C /* MicButton.swift in Sources */,
				F851EC5DDB1239BB9EF82C44 /* NoiseProtocol.swift in Sources */,
				DD154E71D6BD1A102E29A1F6 /* OnboardingView.swift in Sources */,
				F1B609E44341093193BD19FB /* PairingView.swift in Sources */,
				A7F99B2CBD595CDC74BA0F64 /* PermissionAuthorizations.swift in Sources */,
				B9D993A23CD190359605FC13 /* Primitives.swift in Sources */,
				F9E29079B81F8B011778C921 /* QRPayload.swift in Sources */,
				E42F6E696130E872F5CBA709 /* QRScannerView.swift in Sources */,
				7FF6DE7F5B55C34264549407 /* RPC.swift in Sources */,
				9893C7611E1452899B3A76A8 /* ReasoningBlockView.swift in Sources */,
				991CED4413E1E700E8AAECC4 /* RecordingIndicator.swift in Sources */,
				60E1A5114D6821AB013D0376 /* SecureTransport.swift in Sources */,
				C7E9010665422FC72B045C84 /* SessionCache.swift in Sources */,
				271044DB7FAB017CEB113D7E /* SessionDiscoveryView.swift in Sources */,
				40BF5085050A217233A0423E /* SessionHistoryView.swift in Sources */,
				06ECEAA244081C344C3901A5 /* SessionListView.swift in Sources */,
				EAA3AE3DD4267DD7CFD57FC1 /* SessionRowView.swift in Sources */,
				B417114FC865C66FD3BDDF10 /* SessionStore.swift in Sources */,
				9E82DAA87C24D5533DD67AC9 /* SettingsView.swift in Sources */,
				BD08A44F26C26C5B2554BBDC /* SpectatorView.swift in Sources */,
				EF88493A3F46082DD1CD1D48 /* TextBlockView.swift in Sources */,
				6ED0F9750C5495559341CD03 /* Theme.swift in Sources */,
				0D4C8B29F8329239440743F4 /* TimelineView.swift in Sources */,
				EF422FE388946466487BBEBE /* TurnHash.swift in Sources */,
				42DB7213A207F8995C0EC3A2 /* TurnView.swift in Sources */,
				3E3DAD2D6D28035192ACAD3F /* WorkspaceBrowserView.swift in Sources */,
			);
			runOnlyForDeploymentPostprocessing = 0;
		};
		D843C818FC11350BA25E0749 /* Sources */ = {
			isa = PBXSourcesBuildPhase;
			buildActionMask = 2147483647;
			files = (
				9D87CDCE282E129EF7EF3A86 /* NoiseProtocolTests.swift in Sources */,
				B9C49096F732EA6D04BE3996 /* TurnHashTests.swift in Sources */,
			);
			runOnlyForDeploymentPostprocessing = 0;
		};
/* End PBXSourcesBuildPhase section */

/* Begin PBXTargetDependency section */
		7C2B9EE260C7F577257A71D8 /* PBXTargetDependency */ = {
			isa = PBXTargetDependency;
			target = F8D4C25F8FF1C76660AEE763 /* DispatchApp */;
			targetProxy = D8D2199CC828C57D201615D8 /* PBXContainerItemProxy */;
		};
/* End PBXTargetDependency section */

/* Begin XCBuildConfiguration section */
		0C89B9C96C2B03FF0B116D13 /* Release */ = {
			isa = XCBuildConfiguration;
			buildSettings = {
				BUNDLE_LOADER = "$(TEST_HOST)";
				LD_RUNPATH_SEARCH_PATHS = (
					"$(inherited)",
					"@executable_path/Frameworks",
					"@loader_path/Frameworks",
				);
				PRODUCT_BUNDLE_IDENTIFIER = com.openscout.DispatchTests;
				SDKROOT = iphoneos;
				TARGETED_DEVICE_FAMILY = "1,2";
				TEST_HOST = "$(BUILT_PRODUCTS_DIR)/DispatchApp.app/DispatchApp";
			};
			name = Release;
		};
		1ECD5D7ECC7D3D51B7CB7EA8 /* Debug */ = {
			isa = XCBuildConfiguration;
			buildSettings = {
				ASSETCATALOG_COMPILER_APPICON_NAME = AppIcon;
				ASSETCATALOG_COMPILER_GLOBAL_ACCENT_COLOR_NAME = AccentColor;
				CODE_SIGN_IDENTITY = "iPhone Developer";
				CURRENT_PROJECT_VERSION = 1;
				GENERATE_INFOPLIST_FILE = YES;
				INFOPLIST_FILE = Dispatch/Info.plist;
				INFOPLIST_KEY_CFBundleDisplayName = Dispatch;
				INFOPLIST_KEY_NSCameraUsageDescription = "Dispatch uses the camera to scan QR codes for bridge pairing";
				INFOPLIST_KEY_NSMicrophoneUsageDescription = "Dispatch uses the microphone for voice-to-text input";
				INFOPLIST_KEY_NSSpeechRecognitionUsageDescription = "Dispatch uses on-device speech recognition to transcribe voice input";
				INFOPLIST_KEY_UIApplicationSceneManifest_Generation = YES;
				INFOPLIST_KEY_UIApplicationSupportsIndirectInputEvents = YES;
				INFOPLIST_KEY_UILaunchScreen_Generation = YES;
				INFOPLIST_KEY_UISupportedInterfaceOrientations_iPad = "UIInterfaceOrientationPortrait UIInterfaceOrientationPortraitUpsideDown UIInterfaceOrientationLandscapeLeft UIInterfaceOrientationLandscapeRight";
				INFOPLIST_KEY_UISupportedInterfaceOrientations_iPhone = UIInterfaceOrientationAllButUpsideDown;
				LD_RUNPATH_SEARCH_PATHS = (
					"$(inherited)",
					"@executable_path/Frameworks",
				);
				MARKETING_VERSION = 1.0.0;
				PRODUCT_BUNDLE_IDENTIFIER = com.openscout.dispatch;
				PRODUCT_MODULE_NAME = OpenScoutDispatch;
				PRODUCT_NAME = Dispatch;
				SDKROOT = iphoneos;
				TARGETED_DEVICE_FAMILY = "1,2";
			};
			name = Debug;
		};
		368DF022CC2952702CB64A7C /* Debug */ = {
			isa = XCBuildConfiguration;
			buildSettings = {
				BUNDLE_LOADER = "$(TEST_HOST)";
				LD_RUNPATH_SEARCH_PATHS = (
					"$(inherited)",
					"@executable_path/Frameworks",
					"@loader_path/Frameworks",
				);
				PRODUCT_BUNDLE_IDENTIFIER = com.openscout.DispatchTests;
				SDKROOT = iphoneos;
				TARGETED_DEVICE_FAMILY = "1,2";
				TEST_HOST = "$(BUILT_PRODUCTS_DIR)/DispatchApp.app/DispatchApp";
			};
			name = Debug;
		};
		747AA0015A3F79B6A906C9F9 /* Debug */ = {
			isa = XCBuildConfiguration;
			buildSettings = {
				ALWAYS_SEARCH_USER_PATHS = NO;
				CLANG_ANALYZER_NONNULL = YES;
				CLANG_ANALYZER_NUMBER_OBJECT_CONVERSION = YES_AGGRESSIVE;
				CLANG_CXX_LANGUAGE_STANDARD = "gnu++14";
				CLANG_CXX_LIBRARY = "libc++";
				CLANG_ENABLE_MODULES = YES;
				CLANG_ENABLE_OBJC_ARC = YES;
				CLANG_ENABLE_OBJC_WEAK = YES;
				CLANG_WARN_BLOCK_CAPTURE_AUTORELEASING = YES;
				CLANG_WARN_BOOL_CONVERSION = YES;
				CLANG_WARN_COMMA = YES;
				CLANG_WARN_CONSTANT_CONVERSION = YES;
				CLANG_WARN_DEPRECATED_OBJC_IMPLEMENTATIONS = YES;
				CLANG_WARN_DIRECT_OBJC_ISA_USAGE = YES_ERROR;
				CLANG_WARN_DOCUMENTATION_COMMENTS = YES;
				CLANG_WARN_EMPTY_BODY = YES;
				CLANG_WARN_ENUM_CONVERSION = YES;
				CLANG_WARN_INFINITE_RECURSION = YES;
				CLANG_WARN_INT_CONVERSION = YES;
				CLANG_WARN_NON_LITERAL_NULL_CONVERSION = YES;
				CLANG_WARN_OBJC_IMPLICIT_RETAIN_SELF = YES;
				CLANG_WARN_OBJC_LITERAL_CONVERSION = YES;
				CLANG_WARN_OBJC_ROOT_CLASS = YES_ERROR;
				CLANG_WARN_QUOTED_INCLUDE_IN_FRAMEWORK_HEADER = YES;
				CLANG_WARN_RANGE_LOOP_ANALYSIS = YES;
				CLANG_WARN_STRICT_PROTOTYPES = YES;
				CLANG_WARN_SUSPICIOUS_MOVE = YES;
				CLANG_WARN_UNGUARDED_AVAILABILITY = YES_AGGRESSIVE;
				CLANG_WARN_UNREACHABLE_CODE = YES;
				CLANG_WARN__DUPLICATE_METHOD_MATCH = YES;
				COPY_PHASE_STRIP = NO;
				DEBUG_INFORMATION_FORMAT = dwarf;
				DEVELOPMENT_TEAM = 2U83JFPW66;
				ENABLE_STRICT_OBJC_MSGSEND = YES;
				ENABLE_TESTABILITY = YES;
				GCC_C_LANGUAGE_STANDARD = gnu11;
				GCC_DYNAMIC_NO_PIC = NO;
				GCC_NO_COMMON_BLOCKS = YES;
				GCC_OPTIMIZATION_LEVEL = 0;
				GCC_PREPROCESSOR_DEFINITIONS = (
					"$(inherited)",
					"DEBUG=1",
				);
				GCC_WARN_64_TO_32_BIT_CONVERSION = YES;
				GCC_WARN_ABOUT_RETURN_TYPE = YES_ERROR;
				GCC_WARN_UNDECLARED_SELECTOR = YES;
				GCC_WARN_UNINITIALIZED_AUTOS = YES_AGGRESSIVE;
				GCC_WARN_UNUSED_FUNCTION = YES;
				GCC_WARN_UNUSED_VARIABLE = YES;
				IPHONEOS_DEPLOYMENT_TARGET = 26.0;
				MTL_ENABLE_DEBUG_INFO = INCLUDE_SOURCE;
				MTL_FAST_MATH = YES;
				ONLY_ACTIVE_ARCH = YES;
				PRODUCT_NAME = "$(TARGET_NAME)";
				SDKROOT = iphoneos;
				SWIFT_ACTIVE_COMPILATION_CONDITIONS = DEBUG;
				SWIFT_OPTIMIZATION_LEVEL = "-Onone";
				SWIFT_VERSION = 6.0;
			};
			name = Debug;
		};
		C10C5BB35759E5F64D874C9B /* Release */ = {
			isa = XCBuildConfiguration;
			buildSettings = {
				ALWAYS_SEARCH_USER_PATHS = NO;
				CLANG_ANALYZER_NONNULL = YES;
				CLANG_ANALYZER_NUMBER_OBJECT_CONVERSION = YES_AGGRESSIVE;
				CLANG_CXX_LANGUAGE_STANDARD = "gnu++14";
				CLANG_CXX_LIBRARY = "libc++";
				CLANG_ENABLE_MODULES = YES;
				CLANG_ENABLE_OBJC_ARC = YES;
				CLANG_ENABLE_OBJC_WEAK = YES;
				CLANG_WARN_BLOCK_CAPTURE_AUTORELEASING = YES;
				CLANG_WARN_BOOL_CONVERSION = YES;
				CLANG_WARN_COMMA = YES;
				CLANG_WARN_CONSTANT_CONVERSION = YES;
				CLANG_WARN_DEPRECATED_OBJC_IMPLEMENTATIONS = YES;
				CLANG_WARN_DIRECT_OBJC_ISA_USAGE = YES_ERROR;
				CLANG_WARN_DOCUMENTATION_COMMENTS = YES;
				CLANG_WARN_EMPTY_BODY = YES;
				CLANG_WARN_ENUM_CONVERSION = YES;
				CLANG_WARN_INFINITE_RECURSION = YES;
				CLANG_WARN_INT_CONVERSION = YES;
				CLANG_WARN_NON_LITERAL_NULL_CONVERSION = YES;
				CLANG_WARN_OBJC_IMPLICIT_RETAIN_SELF = YES;
				CLANG_WARN_OBJC_LITERAL_CONVERSION = YES;
				CLANG_WARN_OBJC_ROOT_CLASS = YES_ERROR;
				CLANG_WARN_QUOTED_INCLUDE_IN_FRAMEWORK_HEADER = YES;
				CLANG_WARN_RANGE_LOOP_ANALYSIS = YES;
				CLANG_WARN_STRICT_PROTOTYPES = YES;
				CLANG_WARN_SUSPICIOUS_MOVE = YES;
				CLANG_WARN_UNGUARDED_AVAILABILITY = YES_AGGRESSIVE;
				CLANG_WARN_UNREACHABLE_CODE = YES;
				CLANG_WARN__DUPLICATE_METHOD_MATCH = YES;
				COPY_PHASE_STRIP = NO;
				DEBUG_INFORMATION_FORMAT = "dwarf-with-dsym";
				DEVELOPMENT_TEAM = 2U83JFPW66;
				ENABLE_NS_ASSERTIONS = NO;
				ENABLE_STRICT_OBJC_MSGSEND = YES;
				GCC_C_LANGUAGE_STANDARD = gnu11;
				GCC_NO_COMMON_BLOCKS = YES;
				GCC_WARN_64_TO_32_BIT_CONVERSION = YES;
				GCC_WARN_ABOUT_RETURN_TYPE = YES_ERROR;
				GCC_WARN_UNDECLARED_SELECTOR = YES;
				GCC_WARN_UNINITIALIZED_AUTOS = YES_AGGRESSIVE;
				GCC_WARN_UNUSED_FUNCTION = YES;
				GCC_WARN_UNUSED_VARIABLE = YES;
				IPHONEOS_DEPLOYMENT_TARGET = 26.0;
				MTL_ENABLE_DEBUG_INFO = NO;
				MTL_FAST_MATH = YES;
				PRODUCT_NAME = "$(TARGET_NAME)";
				SDKROOT = iphoneos;
				SWIFT_COMPILATION_MODE = wholemodule;
				SWIFT_OPTIMIZATION_LEVEL = "-O";
				SWIFT_VERSION = 6.0;
			};
			name = Release;
		};
		C1F669D8C40FD0D7C7343FFE /* Release */ = {
			isa = XCBuildConfiguration;
			buildSettings = {
				ASSETCATALOG_COMPILER_APPICON_NAME = AppIcon;
				ASSETCATALOG_COMPILER_GLOBAL_ACCENT_COLOR_NAME = AccentColor;
				CODE_SIGN_IDENTITY = "iPhone Developer";
				CURRENT_PROJECT_VERSION = 1;
				GENERATE_INFOPLIST_FILE = YES;
				INFOPLIST_FILE = Dispatch/Info.plist;
				INFOPLIST_KEY_CFBundleDisplayName = Dispatch;
				INFOPLIST_KEY_NSCameraUsageDescription = "Dispatch uses the camera to scan QR codes for bridge pairing";
				INFOPLIST_KEY_NSMicrophoneUsageDescription = "Dispatch uses the microphone for voice-to-text input";
				INFOPLIST_KEY_NSSpeechRecognitionUsageDescription = "Dispatch uses on-device speech recognition to transcribe voice input";
				INFOPLIST_KEY_UIApplicationSceneManifest_Generation = YES;
				INFOPLIST_KEY_UIApplicationSupportsIndirectInputEvents = YES;
				INFOPLIST_KEY_UILaunchScreen_Generation = YES;
				INFOPLIST_KEY_UISupportedInterfaceOrientations_iPad = "UIInterfaceOrientationPortrait UIInterfaceOrientationPortraitUpsideDown UIInterfaceOrientationLandscapeLeft UIInterfaceOrientationLandscapeRight";
				INFOPLIST_KEY_UISupportedInterfaceOrientations_iPhone = UIInterfaceOrientationAllButUpsideDown;
				LD_RUNPATH_SEARCH_PATHS = (
					"$(inherited)",
					"@executable_path/Frameworks",
				);
				MARKETING_VERSION = 1.0.0;
				PRODUCT_BUNDLE_IDENTIFIER = com.openscout.dispatch;
				PRODUCT_MODULE_NAME = OpenScoutDispatch;
				PRODUCT_NAME = Dispatch;
				SDKROOT = iphoneos;
				TARGETED_DEVICE_FAMILY = "1,2";
			};
			name = Release;
		};
/* End XCBuildConfiguration section */

/* Begin XCConfigurationList section */
		CFC07B7D79A07F017571DE61 /* Build configuration list for PBXNativeTarget "DispatchApp" */ = {
			isa = XCConfigurationList;
			buildConfigurations = (
				1ECD5D7ECC7D3D51B7CB7EA8 /* Debug */,
				C1F669D8C40FD0D7C7343FFE /* Release */,
			);
			defaultConfigurationIsVisible = 0;
			defaultConfigurationName = Debug;
		};
		DD5C91EAEBF650EF0CFB68C8 /* Build configuration list for PBXNativeTarget "DispatchTests" */ = {
			isa = XCConfigurationList;
			buildConfigurations = (
				368DF022CC2952702CB64A7C /* Debug */,
				0C89B9C96C2B03FF0B116D13 /* Release */,
			);
			defaultConfigurationIsVisible = 0;
			defaultConfigurationName = Debug;
		};
		FE140F6FB49B1E6BA0BB785B /* Build configuration list for PBXProject "Dispatch" */ = {
			isa = XCConfigurationList;
			buildConfigurations = (
				747AA0015A3F79B6A906C9F9 /* Debug */,
				C10C5BB35759E5F64D874C9B /* Release */,
			);
			defaultConfigurationIsVisible = 0;
			defaultConfigurationName = Debug;
		};
/* End XCConfigurationList section */

/* Begin XCRemoteSwiftPackageReference section */
		6E4F85518B85B40089C9FB70 /* XCRemoteSwiftPackageReference "FluidAudio" */ = {
			isa = XCRemoteSwiftPackageReference;
			repositoryURL = "https://github.com/FluidInference/FluidAudio.git";
			requirement = {
				branch = main;
				kind = branch;
			};
		};
/* End XCRemoteSwiftPackageReference section */

/* Begin XCSwiftPackageProductDependency section */
		AECA273B49607FE263C65DF7 /* FluidAudio */ = {
			isa = XCSwiftPackageProductDependency;
			package = 6E4F85518B85B40089C9FB70 /* XCRemoteSwiftPackageReference "FluidAudio" */;
			productName = FluidAudio;
		};
/* End XCSwiftPackageProductDependency section */
	};
	rootObject = 14AA8085D6B9BBFD53B912AB /* Project object */;
}
