// !$*UTF8*$!
{
	archiveVersion = 1;
	classes = {
	};
	objectVersion = 77;
	objects = {

/* Begin PBXBuildFile section */
		003CF78F249EE6A85678457F /* SessionListView.swift in Sources */ = {isa = PBXBuildFile; fileRef = D8D0C482CFF39891FF22556C /* SessionListView.swift */; };
		06F4D7440C5920144D801BEE /* QRScannerView.swift in Sources */ = {isa = PBXBuildFile; fileRef = 0FA63A50829498017E386532 /* QRScannerView.swift */; };
		0925DEE6A5BFA1C0199C2EB5 /* ActivityFeedView.swift in Sources */ = {isa = PBXBuildFile; fileRef = 688DB927C80A7AE21C85EE44 /* ActivityFeedView.swift */; };
		09D6951497744C64592F204D /* AgentDashboardSheet.swift in Sources */ = {isa = PBXBuildFile; fileRef = 975A62E531437F1FB6F2327D /* AgentDashboardSheet.swift */; };
		0D1C62514CC0961737A7DF5A /* TailFeedView.swift in Sources */ = {isa = PBXBuildFile; fileRef = 45B1CD0EB80D2BFD312A1458 /* TailFeedView.swift */; };
		9936B051C2ACDE2D4DDAEF9A /* TailEvent.swift in Sources */ = {isa = PBXBuildFile; fileRef = 672BAC9740CDC268986E4225 /* TailEvent.swift */; };
		CB7347AF49314946F2FC22C2 /* TailFeedRow.swift in Sources */ = {isa = PBXBuildFile; fileRef = 945EA6AF206A01B7DD2B86FF /* TailFeedRow.swift */; };
		0D8E3C52A8CEBDE452DB5A70 /* ScoutVoice.swift in Sources */ = {isa = PBXBuildFile; fileRef = 57A264D8EE7E5047205E5849 /* ScoutVoice.swift */; };
		105F24BC57F5A44E8AA397E7 /* ComposerView.swift in Sources */ = {isa = PBXBuildFile; fileRef = 2CA2ABB345CA1C4A48933F69 /* ComposerView.swift */; };
		11A4CF43DDF609207B0C2FA0 /* CrashCatcher.swift in Sources */ = {isa = PBXBuildFile; fileRef = 9CF5798C218C705DF9DE1998 /* CrashCatcher.swift */; };
		11ABE7E5EC9EAFE29087C37F /* ScoutNavigationShell.swift in Sources */ = {isa = PBXBuildFile; fileRef = 110ABDD1A3E9A65540CD8EDC /* ScoutNavigationShell.swift */; };
		1521983CBAFA97F03E3DC9D6 /* PermissionAuthorizations.swift in Sources */ = {isa = PBXBuildFile; fileRef = 2E552A43E6BA2AB3110C09C8 /* PermissionAuthorizations.swift */; };
		17A48936E093A7BE6A44D135 /* SplashView.swift in Sources */ = {isa = PBXBuildFile; fileRef = CD0DC1A52DFF1F128145DA0C /* SplashView.swift */; };
		1B548F5201CC047B5E766FEA /* TurnView.swift in Sources */ = {isa = PBXBuildFile; fileRef = 220AC3C67A7D1CAD996A28D5 /* TurnView.swift */; };
		1BF5B43FCC85EB3FAD07F724 /* AllSessionsGridView.swift in Sources */ = {isa = PBXBuildFile; fileRef = 94046D6B74726E23BE9284D7 /* AllSessionsGridView.swift */; };
		1CF13F1DB8DEEBB963158C84 /* NoiseProtocolTests.swift in Sources */ = {isa = PBXBuildFile; fileRef = 08B317D842F3C5606AC9AE81 /* NoiseProtocolTests.swift */; };
		22198F2E0712C7093485DF3E /* OnboardingView.swift in Sources */ = {isa = PBXBuildFile; fileRef = 07DE486878B8E8E6F3CB1BDF /* OnboardingView.swift */; };
		2BE63822046698F6281DED9E /* Theme.swift in Sources */ = {isa = PBXBuildFile; fileRef = 029C6049264D3C5EE524673E /* Theme.swift */; };
		2E233FBDD7ABD16D18172BAC /* RecordingIndicator.swift in Sources */ = {isa = PBXBuildFile; fileRef = 9102509C4B05FADAF82B357D /* RecordingIndicator.swift */; };
		2E7028BB05A0F7A013B51FCD /* NoiseProtocol.swift in Sources */ = {isa = PBXBuildFile; fileRef = 43071A343AD10BEA3B6162AA /* NoiseProtocol.swift */; };
		38CDA54A82A9CCE4B4D5BF23 /* SettingsView.swift in Sources */ = {isa = PBXBuildFile; fileRef = 3967724C6396B93527EC3A5C /* SettingsView.swift */; };
		38D003C041D9ACB728447B4B /* ScoutKeyboardView.swift in Sources */ = {isa = PBXBuildFile; fileRef = 89AB6BB7DED4B0586E7C9769 /* ScoutKeyboardView.swift */; };
		3A1A90D0F9B7A395CA5031CE /* BonjourRelayDiscovery.swift in Sources */ = {isa = PBXBuildFile; fileRef = 6785474255FC371E4500E054 /* BonjourRelayDiscovery.swift */; };
		3B43F694BB7BE9915A5D466F /* HomeView.swift in Sources */ = {isa = PBXBuildFile; fileRef = D9460188DFF1700D3892C49C /* HomeView.swift */; };
		3DCA49831D5D6A725231D2EF /* PairingView.swift in Sources */ = {isa = PBXBuildFile; fileRef = 481B4B35E3666F78B9AC957A /* PairingView.swift */; };
		401B8B1200C88EDF5DBFBF4F /* Assets.xcassets in Resources */ = {isa = PBXBuildFile; fileRef = 04511C1BCDD7DF678F39AB23 /* Assets.xcassets */; };
		40BB09A722485DE63DE08361 /* FluidAudio in Frameworks */ = {isa = PBXBuildFile; productRef = 00F1A9565B1EE831E901D4BB /* FluidAudio */; };
		41219D151E0B15AB2EDDA8FF /* Primitives.swift in Sources */ = {isa = PBXBuildFile; fileRef = C06649F0636F0648AB140561 /* Primitives.swift */; };
		41833F2E53B09040B8C2C4C4 /* InboxStore.swift in Sources */ = {isa = PBXBuildFile; fileRef = B99060478E7E956242D977B5 /* InboxStore.swift */; };
		43C16D70F1056087789D0C39 /* SessionCardView.swift in Sources */ = {isa = PBXBuildFile; fileRef = CBA76BF506FD778E1BC17EF0 /* SessionCardView.swift */; };
		4476BB46CE8DC39B4CBC67CA /* MicButton.swift in Sources */ = {isa = PBXBuildFile; fileRef = 25FDE9E16EC017A6B945AF9D /* MicButton.swift */; };
		496DA7B61427F3321BFF87AB /* ConnectionStatusPresentationTests.swift in Sources */ = {isa = PBXBuildFile; fileRef = 9D2631C057E2ADADEB19ED90 /* ConnectionStatusPresentationTests.swift */; };
		4C338EE4D28D668134EA3F52 /* KeyComponents.swift in Sources */ = {isa = PBXBuildFile; fileRef = E37F081F478DEDB2F906765D /* KeyComponents.swift */; };
		4C4D0937368EECDAE8EFC76B /* FileBlockView.swift in Sources */ = {isa = PBXBuildFile; fileRef = 1CB1259D202C983314D17199 /* FileBlockView.swift */; };
		4F6B19AF43BFDFA1FD35963C /* AgentsView.swift in Sources */ = {isa = PBXBuildFile; fileRef = 3D43A2017A04707A443F35BA /* AgentsView.swift */; };
		4FC9249A9F6D914920B77F99 /* LogView.swift in Sources */ = {isa = PBXBuildFile; fileRef = 37311097FD4418A4CC259888 /* LogView.swift */; };
		5C568548FBEF22CDE57196DE /* TextBlockView.swift in Sources */ = {isa = PBXBuildFile; fileRef = 1111361D907783103CAF1029 /* TextBlockView.swift */; };
		65F0D2F7B31AA42A9867B1BA /* scout-reveal.mp4 in Resources */ = {isa = PBXBuildFile; fileRef = 7581A7F96FA13C05D9867E85 /* scout-reveal.mp4 */; };
		676D68D8E8A12B4607055123 /* ScoutBottomBar.swift in Sources */ = {isa = PBXBuildFile; fileRef = 5C59A482FB6106AD2EBEF23A /* ScoutBottomBar.swift */; };
		6E27EE08D0DECC675FB8AA5E /* ScoutRouter.swift in Sources */ = {isa = PBXBuildFile; fileRef = 1E6C0A30A72EE6C72F54DC86 /* ScoutRouter.swift */; };
		717B115B4EF3038DDA164F8A /* ContentView.swift in Sources */ = {isa = PBXBuildFile; fileRef = 09A0710F2737060ABA3FC0A0 /* ContentView.swift */; };
		71F946099994958BF4142988 /* TurnHashTests.swift in Sources */ = {isa = PBXBuildFile; fileRef = A156270D797264F0441EF34B /* TurnHashTests.swift */; };
		79FFC939B11C65EC1EDC094F /* TurnHash.swift in Sources */ = {isa = PBXBuildFile; fileRef = 0B1014280AC32ECEFDC6123A /* TurnHash.swift */; };
		7B50398135D3578EC1D3A90B /* SessionDiscoveryView.swift in Sources */ = {isa = PBXBuildFile; fileRef = 3161549947E066F37145FB0C /* SessionDiscoveryView.swift */; };
		7FB90125803C0B185AE36E74 /* ScoutAppDelegate.swift in Sources */ = {isa = PBXBuildFile; fileRef = E1480A7B45017C3E2A44619D /* ScoutAppDelegate.swift */; };
		82F0EA626092AD1FD2889BAB /* TimelineView.swift in Sources */ = {isa = PBXBuildFile; fileRef = 9D6165FD7CA7E5F70CAD1284 /* TimelineView.swift */; };
		89C658D59512376E44D79698 /* ScoutApp.swift in Sources */ = {isa = PBXBuildFile; fileRef = 2B05A33D42DFC47E9C54BEE0 /* ScoutApp.swift */; };
		8D3F4293E86ED617E69A2612 /* Identity.swift in Sources */ = {isa = PBXBuildFile; fileRef = 49D6BFBD08AE670C1FC7B8A6 /* Identity.swift */; };
		928B8FEA4EA1A6731D9F468F /* ConnectionManager.swift in Sources */ = {isa = PBXBuildFile; fileRef = B2EA750A0F55A9FC1B40E156 /* ConnectionManager.swift */; };
		94E40717522CC80B764A1EA8 /* ScoutTextField.swift in Sources */ = {isa = PBXBuildFile; fileRef = 06F85B4A803447D47B4A7372 /* ScoutTextField.swift */; };
		97F9CF6388F7B35B757675B2 /* BlockView.swift in Sources */ = {isa = PBXBuildFile; fileRef = 4CD01439D63376EE86259929 /* BlockView.swift */; };
		9E4880CB55B6D95BF2DF11E8 /* ScoutNotificationDelegate.swift in Sources */ = {isa = PBXBuildFile; fileRef = 346072AC5366E16E4A616FB6 /* ScoutNotificationDelegate.swift */; };
		A1B5F24217CBB3425E19F75C /* SessionHistoryView.swift in Sources */ = {isa = PBXBuildFile; fileRef = E61B31D0E2A906FC93D58001 /* SessionHistoryView.swift */; };
		A50AB845B5B69E8F3839348C /* Events.swift in Sources */ = {isa = PBXBuildFile; fileRef = 8E41DEC22E607215EDBB5203 /* Events.swift */; };
		A6C0D4FC3028FA5637640C66 /* SessionCache.swift in Sources */ = {isa = PBXBuildFile; fileRef = E51A81D21A37B458E927F61B /* SessionCache.swift */; };
		A724E9F833E30B8FB02BAE08 /* AgentDetailView.swift in Sources */ = {isa = PBXBuildFile; fileRef = 37636DE22FF7F77AF5813D8D /* AgentDetailView.swift */; };
		A8FBB96BCACD70C0303EC45D /* RPC.swift in Sources */ = {isa = PBXBuildFile; fileRef = 6D678FD46C36DEE704DF0493 /* RPC.swift */; };
		B9CFB0140672C58FAEFE1006 /* SpectatorView.swift in Sources */ = {isa = PBXBuildFile; fileRef = EA4CD2CFB1F49E1F0686A585 /* SpectatorView.swift */; };
		C4CA05A67798BC75878B8B88 /* HarnessPickerView.swift in Sources */ = {isa = PBXBuildFile; fileRef = 6D1C776B815385FC3B788C76 /* HarnessPickerView.swift */; };
		C5AAC1B07CC4593997CC7A1E /* ActionBlockView.swift in Sources */ = {isa = PBXBuildFile; fileRef = 71846F0D3DB3191ABB98ECAB /* ActionBlockView.swift */; };
		C6FACCAD49E7E43628B33F79 /* ScoutSearchField.swift in Sources */ = {isa = PBXBuildFile; fileRef = 390280403D808E04858F3EA7 /* ScoutSearchField.swift */; };
		CB5753E1996ECD1B8E3D73C5 /* QuestionBlockView.swift in Sources */ = {isa = PBXBuildFile; fileRef = 622F7388E33A9A08EA9913F4 /* QuestionBlockView.swift */; };
		CBCE2EADF2F6B1EDB5DF3CC0 /* AppStoreScreenshotMode.swift in Sources */ = {isa = PBXBuildFile; fileRef = E2C46A2565EF034B8EBDC0E7 /* AppStoreScreenshotMode.swift */; };
		CCB65C48A10E885795764D27 /* ScoutCompactKeyboard.swift in Sources */ = {isa = PBXBuildFile; fileRef = EFAD4CD356A35B1F2E319563 /* ScoutCompactKeyboard.swift */; };
		CCFF56AC0101E94DC30A7EF5 /* SessionStore.swift in Sources */ = {isa = PBXBuildFile; fileRef = DD6940B82A6F6FB299D5556A /* SessionStore.swift */; };
		DA89CEF284347FCCA2AB04E8 /* AddressBarPill.swift in Sources */ = {isa = PBXBuildFile; fileRef = 10BA2E5EE2B7C4C28BF65201 /* AddressBarPill.swift */; };
		DF22D6C8EE12251B47279018 /* SecureTransport.swift in Sources */ = {isa = PBXBuildFile; fileRef = 2043B28142C57D92E9226882 /* SecureTransport.swift */; };
		E87A5CDE5849A4D43F98E0D7 /* ErrorBlockView.swift in Sources */ = {isa = PBXBuildFile; fileRef = 5717C27B2F716F2B5AC2BFBE /* ErrorBlockView.swift */; };
		EC11BB9A776C6903A477A870 /* InboxView.swift in Sources */ = {isa = PBXBuildFile; fileRef = DAD9F0954B70D484018D2E72 /* InboxView.swift */; };
		ECEDCF709BDAE4260FDE7161 /* ReasoningBlockView.swift in Sources */ = {isa = PBXBuildFile; fileRef = 411CAD7D046E8100A43E7599 /* ReasoningBlockView.swift */; };
		EEC617F0495EAE3F9D6F3A58 /* QRPayload.swift in Sources */ = {isa = PBXBuildFile; fileRef = 97263B8D58CE2A2D5B8FEF46 /* QRPayload.swift */; };
		EF36CE2CE7EE4F684BABD283 /* SessionRowView.swift in Sources */ = {isa = PBXBuildFile; fileRef = 16E69A9F79BC8EBB2C853CAC /* SessionRowView.swift */; };
		EF85469C0FD2BC422025BF62 /* EdgeSwipeGesture.swift in Sources */ = {isa = PBXBuildFile; fileRef = 10952B15E281C5F9E7ECBA08 /* EdgeSwipeGesture.swift */; };
		F2339562BD7F60D19A3F608C /* WorkspaceBrowserView.swift in Sources */ = {isa = PBXBuildFile; fileRef = 8954092B5A751A7EBC5AD437 /* WorkspaceBrowserView.swift */; };
		F52869C4547FCD738992F356 /* ScoutLog.swift in Sources */ = {isa = PBXBuildFile; fileRef = 451CC5D7711018A3EB64FBA9 /* ScoutLog.swift */; };
		FC900834CED212A124E3D589 /* HistoryRPC.swift in Sources */ = {isa = PBXBuildFile; fileRef = 44D8F1FFB1CB46F1A8E15322 /* HistoryRPC.swift */; };
/* End PBXBuildFile section */

/* Begin PBXContainerItemProxy section */
		4D14C9C75DE4C5F4F0B2FB7E /* PBXContainerItemProxy */ = {
			isa = PBXContainerItemProxy;
			containerPortal = 41B094AA7B81704D49814DA7 /* Project object */;
			proxyType = 1;
			remoteGlobalIDString = 97688000DA122F10D909C3EF;
			remoteInfo = ScoutApp;
		};
/* End PBXContainerItemProxy section */

/* Begin PBXFileReference section */
		029C6049264D3C5EE524673E /* Theme.swift */ = {isa = PBXFileReference; lastKnownFileType = sourcecode.swift; path = Theme.swift; sourceTree = "<group>"; };
		04511C1BCDD7DF678F39AB23 /* Assets.xcassets */ = {isa = PBXFileReference; lastKnownFileType = folder.assetcatalog; path = Assets.xcassets; sourceTree = "<group>"; };
		06F85B4A803447D47B4A7372 /* ScoutTextField.swift */ = {isa = PBXFileReference; lastKnownFileType = sourcecode.swift; path = ScoutTextField.swift; sourceTree = "<group>"; };
		07DE486878B8E8E6F3CB1BDF /* OnboardingView.swift */ = {isa = PBXFileReference; lastKnownFileType = sourcecode.swift; path = OnboardingView.swift; sourceTree = "<group>"; };
		08B317D842F3C5606AC9AE81 /* NoiseProtocolTests.swift */ = {isa = PBXFileReference; lastKnownFileType = sourcecode.swift; path = NoiseProtocolTests.swift; sourceTree = "<group>"; };
		09A0710F2737060ABA3FC0A0 /* ContentView.swift */ = {isa = PBXFileReference; lastKnownFileType = sourcecode.swift; path = ContentView.swift; sourceTree = "<group>"; };
		0B1014280AC32ECEFDC6123A /* TurnHash.swift */ = {isa = PBXFileReference; lastKnownFileType = sourcecode.swift; path = TurnHash.swift; sourceTree = "<group>"; };
		0FA63A50829498017E386532 /* QRScannerView.swift */ = {isa = PBXFileReference; lastKnownFileType = sourcecode.swift; path = QRScannerView.swift; sourceTree = "<group>"; };
		10952B15E281C5F9E7ECBA08 /* EdgeSwipeGesture.swift */ = {isa = PBXFileReference; lastKnownFileType = sourcecode.swift; path = EdgeSwipeGesture.swift; sourceTree = "<group>"; };
		10BA2E5EE2B7C4C28BF65201 /* AddressBarPill.swift */ = {isa = PBXFileReference; lastKnownFileType = sourcecode.swift; path = AddressBarPill.swift; sourceTree = "<group>"; };
		110ABDD1A3E9A65540CD8EDC /* ScoutNavigationShell.swift */ = {isa = PBXFileReference; lastKnownFileType = sourcecode.swift; path = ScoutNavigationShell.swift; sourceTree = "<group>"; };
		1111361D907783103CAF1029 /* TextBlockView.swift */ = {isa = PBXFileReference; lastKnownFileType = sourcecode.swift; path = TextBlockView.swift; sourceTree = "<group>"; };
		116CD8574D6F90085DC7E951 /* ScoutDebug.entitlements */ = {isa = PBXFileReference; lastKnownFileType = text.plist.entitlements; path = ScoutDebug.entitlements; sourceTree = "<group>"; };
		16E69A9F79BC8EBB2C853CAC /* SessionRowView.swift */ = {isa = PBXFileReference; lastKnownFileType = sourcecode.swift; path = SessionRowView.swift; sourceTree = "<group>"; };
		17807A002C04E20022167DC2 /* ScoutTests.xctest */ = {isa = PBXFileReference; includeInIndex = 0; lastKnownFileType = wrapper.cfbundle; path = ScoutTests.xctest; sourceTree = BUILT_PRODUCTS_DIR; };
		1CB1259D202C983314D17199 /* FileBlockView.swift */ = {isa = PBXFileReference; lastKnownFileType = sourcecode.swift; path = FileBlockView.swift; sourceTree = "<group>"; };
		1E6C0A30A72EE6C72F54DC86 /* ScoutRouter.swift */ = {isa = PBXFileReference; lastKnownFileType = sourcecode.swift; path = ScoutRouter.swift; sourceTree = "<group>"; };
		2043B28142C57D92E9226882 /* SecureTransport.swift */ = {isa = PBXFileReference; lastKnownFileType = sourcecode.swift; path = SecureTransport.swift; sourceTree = "<group>"; };
		220AC3C67A7D1CAD996A28D5 /* TurnView.swift */ = {isa = PBXFileReference; lastKnownFileType = sourcecode.swift; path = TurnView.swift; sourceTree = "<group>"; };
		25FDE9E16EC017A6B945AF9D /* MicButton.swift */ = {isa = PBXFileReference; lastKnownFileType = sourcecode.swift; path = MicButton.swift; sourceTree = "<group>"; };
		2B05A33D42DFC47E9C54BEE0 /* ScoutApp.swift */ = {isa = PBXFileReference; lastKnownFileType = sourcecode.swift; path = ScoutApp.swift; sourceTree = "<group>"; };
		2CA2ABB345CA1C4A48933F69 /* ComposerView.swift */ = {isa = PBXFileReference; lastKnownFileType = sourcecode.swift; path = ComposerView.swift; sourceTree = "<group>"; };
		2E552A43E6BA2AB3110C09C8 /* PermissionAuthorizations.swift */ = {isa = PBXFileReference; lastKnownFileType = sourcecode.swift; path = PermissionAuthorizations.swift; sourceTree = "<group>"; };
		3161549947E066F37145FB0C /* SessionDiscoveryView.swift */ = {isa = PBXFileReference; lastKnownFileType = sourcecode.swift; path = SessionDiscoveryView.swift; sourceTree = "<group>"; };
		346072AC5366E16E4A616FB6 /* ScoutNotificationDelegate.swift */ = {isa = PBXFileReference; lastKnownFileType = sourcecode.swift; path = ScoutNotificationDelegate.swift; sourceTree = "<group>"; };
		37311097FD4418A4CC259888 /* LogView.swift */ = {isa = PBXFileReference; lastKnownFileType = sourcecode.swift; path = LogView.swift; sourceTree = "<group>"; };
		37636DE22FF7F77AF5813D8D /* AgentDetailView.swift */ = {isa = PBXFileReference; lastKnownFileType = sourcecode.swift; path = AgentDetailView.swift; sourceTree = "<group>"; };
		390280403D808E04858F3EA7 /* ScoutSearchField.swift */ = {isa = PBXFileReference; lastKnownFileType = sourcecode.swift; path = ScoutSearchField.swift; sourceTree = "<group>"; };
		3967724C6396B93527EC3A5C /* SettingsView.swift */ = {isa = PBXFileReference; lastKnownFileType = sourcecode.swift; path = SettingsView.swift; sourceTree = "<group>"; };
		3D43A2017A04707A443F35BA /* AgentsView.swift */ = {isa = PBXFileReference; lastKnownFileType = sourcecode.swift; path = AgentsView.swift; sourceTree = "<group>"; };
		411CAD7D046E8100A43E7599 /* ReasoningBlockView.swift */ = {isa = PBXFileReference; lastKnownFileType = sourcecode.swift; path = ReasoningBlockView.swift; sourceTree = "<group>"; };
		43071A343AD10BEA3B6162AA /* NoiseProtocol.swift */ = {isa = PBXFileReference; lastKnownFileType = sourcecode.swift; path = NoiseProtocol.swift; sourceTree = "<group>"; };
		44D8F1FFB1CB46F1A8E15322 /* HistoryRPC.swift */ = {isa = PBXFileReference; lastKnownFileType = sourcecode.swift; path = HistoryRPC.swift; sourceTree = "<group>"; };
		451CC5D7711018A3EB64FBA9 /* ScoutLog.swift */ = {isa = PBXFileReference; lastKnownFileType = sourcecode.swift; path = ScoutLog.swift; sourceTree = "<group>"; };
		45B1CD0EB80D2BFD312A1458 /* TailFeedView.swift */ = {isa = PBXFileReference; lastKnownFileType = sourcecode.swift; path = TailFeedView.swift; sourceTree = "<group>"; };
		672BAC9740CDC268986E4225 /* TailEvent.swift */ = {isa = PBXFileReference; lastKnownFileType = sourcecode.swift; path = TailEvent.swift; sourceTree = "<group>"; };
		945EA6AF206A01B7DD2B86FF /* TailFeedRow.swift */ = {isa = PBXFileReference; lastKnownFileType = sourcecode.swift; path = TailFeedRow.swift; sourceTree = "<group>"; };
		481B4B35E3666F78B9AC957A /* PairingView.swift */ = {isa = PBXFileReference; lastKnownFileType = sourcecode.swift; path = PairingView.swift; sourceTree = "<group>"; };
		49D6BFBD08AE670C1FC7B8A6 /* Identity.swift */ = {isa = PBXFileReference; lastKnownFileType = sourcecode.swift; path = Identity.swift; sourceTree = "<group>"; };
		4CD01439D63376EE86259929 /* BlockView.swift */ = {isa = PBXFileReference; lastKnownFileType = sourcecode.swift; path = BlockView.swift; sourceTree = "<group>"; };
		5717C27B2F716F2B5AC2BFBE /* ErrorBlockView.swift */ = {isa = PBXFileReference; lastKnownFileType = sourcecode.swift; path = ErrorBlockView.swift; sourceTree = "<group>"; };
		57A264D8EE7E5047205E5849 /* ScoutVoice.swift */ = {isa = PBXFileReference; lastKnownFileType = sourcecode.swift; path = ScoutVoice.swift; sourceTree = "<group>"; };
		5C59A482FB6106AD2EBEF23A /* ScoutBottomBar.swift */ = {isa = PBXFileReference; lastKnownFileType = sourcecode.swift; path = ScoutBottomBar.swift; sourceTree = "<group>"; };
		622F7388E33A9A08EA9913F4 /* QuestionBlockView.swift */ = {isa = PBXFileReference; lastKnownFileType = sourcecode.swift; path = QuestionBlockView.swift; sourceTree = "<group>"; };
		6785474255FC371E4500E054 /* BonjourRelayDiscovery.swift */ = {isa = PBXFileReference; lastKnownFileType = sourcecode.swift; path = BonjourRelayDiscovery.swift; sourceTree = "<group>"; };
		688DB927C80A7AE21C85EE44 /* ActivityFeedView.swift */ = {isa = PBXFileReference; lastKnownFileType = sourcecode.swift; path = ActivityFeedView.swift; sourceTree = "<group>"; };
		6D1C776B815385FC3B788C76 /* HarnessPickerView.swift */ = {isa = PBXFileReference; lastKnownFileType = sourcecode.swift; path = HarnessPickerView.swift; sourceTree = "<group>"; };
		6D678FD46C36DEE704DF0493 /* RPC.swift */ = {isa = PBXFileReference; lastKnownFileType = sourcecode.swift; path = RPC.swift; sourceTree = "<group>"; };
		71846F0D3DB3191ABB98ECAB /* ActionBlockView.swift */ = {isa = PBXFileReference; lastKnownFileType = sourcecode.swift; path = ActionBlockView.swift; sourceTree = "<group>"; };
		7581A7F96FA13C05D9867E85 /* scout-reveal.mp4 */ = {isa = PBXFileReference; path = "scout-reveal.mp4"; sourceTree = "<group>"; };
		8954092B5A751A7EBC5AD437 /* WorkspaceBrowserView.swift */ = {isa = PBXFileReference; lastKnownFileType = sourcecode.swift; path = WorkspaceBrowserView.swift; sourceTree = "<group>"; };
		89AB6BB7DED4B0586E7C9769 /* ScoutKeyboardView.swift */ = {isa = PBXFileReference; lastKnownFileType = sourcecode.swift; path = ScoutKeyboardView.swift; sourceTree = "<group>"; };
		8E41DEC22E607215EDBB5203 /* Events.swift */ = {isa = PBXFileReference; lastKnownFileType = sourcecode.swift; path = Events.swift; sourceTree = "<group>"; };
		9102509C4B05FADAF82B357D /* RecordingIndicator.swift */ = {isa = PBXFileReference; lastKnownFileType = sourcecode.swift; path = RecordingIndicator.swift; sourceTree = "<group>"; };
		94046D6B74726E23BE9284D7 /* AllSessionsGridView.swift */ = {isa = PBXFileReference; lastKnownFileType = sourcecode.swift; path = AllSessionsGridView.swift; sourceTree = "<group>"; };
		95B30342DC09B9A9CD56EDB0 /* ScoutApp.app */ = {isa = PBXFileReference; includeInIndex = 0; lastKnownFileType = wrapper.application; path = ScoutApp.app; sourceTree = BUILT_PRODUCTS_DIR; };
		97263B8D58CE2A2D5B8FEF46 /* QRPayload.swift */ = {isa = PBXFileReference; lastKnownFileType = sourcecode.swift; path = QRPayload.swift; sourceTree = "<group>"; };
		975A62E531437F1FB6F2327D /* AgentDashboardSheet.swift */ = {isa = PBXFileReference; lastKnownFileType = sourcecode.swift; path = AgentDashboardSheet.swift; sourceTree = "<group>"; };
		9CF5798C218C705DF9DE1998 /* CrashCatcher.swift */ = {isa = PBXFileReference; lastKnownFileType = sourcecode.swift; path = CrashCatcher.swift; sourceTree = "<group>"; };
		9D2631C057E2ADADEB19ED90 /* ConnectionStatusPresentationTests.swift */ = {isa = PBXFileReference; lastKnownFileType = sourcecode.swift; path = ConnectionStatusPresentationTests.swift; sourceTree = "<group>"; };
		9D6165FD7CA7E5F70CAD1284 /* TimelineView.swift */ = {isa = PBXFileReference; lastKnownFileType = sourcecode.swift; path = TimelineView.swift; sourceTree = "<group>"; };
		A156270D797264F0441EF34B /* TurnHashTests.swift */ = {isa = PBXFileReference; lastKnownFileType = sourcecode.swift; path = TurnHashTests.swift; sourceTree = "<group>"; };
		B2EA750A0F55A9FC1B40E156 /* ConnectionManager.swift */ = {isa = PBXFileReference; lastKnownFileType = sourcecode.swift; path = ConnectionManager.swift; sourceTree = "<group>"; };
		B99060478E7E956242D977B5 /* InboxStore.swift */ = {isa = PBXFileReference; lastKnownFileType = sourcecode.swift; path = InboxStore.swift; sourceTree = "<group>"; };
		C06649F0636F0648AB140561 /* Primitives.swift */ = {isa = PBXFileReference; lastKnownFileType = sourcecode.swift; path = Primitives.swift; sourceTree = "<group>"; };
		C8268ECA15DDAFB9D1C5B351 /* ScoutRelease.entitlements */ = {isa = PBXFileReference; lastKnownFileType = text.plist.entitlements; path = ScoutRelease.entitlements; sourceTree = "<group>"; };
		CBA76BF506FD778E1BC17EF0 /* SessionCardView.swift */ = {isa = PBXFileReference; lastKnownFileType = sourcecode.swift; path = SessionCardView.swift; sourceTree = "<group>"; };
		CD0DC1A52DFF1F128145DA0C /* SplashView.swift */ = {isa = PBXFileReference; lastKnownFileType = sourcecode.swift; path = SplashView.swift; sourceTree = "<group>"; };
		D8D0C482CFF39891FF22556C /* SessionListView.swift */ = {isa = PBXFileReference; lastKnownFileType = sourcecode.swift; path = SessionListView.swift; sourceTree = "<group>"; };
		D9460188DFF1700D3892C49C /* HomeView.swift */ = {isa = PBXFileReference; lastKnownFileType = sourcecode.swift; path = HomeView.swift; sourceTree = "<group>"; };
		DAD9F0954B70D484018D2E72 /* InboxView.swift */ = {isa = PBXFileReference; lastKnownFileType = sourcecode.swift; path = InboxView.swift; sourceTree = "<group>"; };
		DD6940B82A6F6FB299D5556A /* SessionStore.swift */ = {isa = PBXFileReference; lastKnownFileType = sourcecode.swift; path = SessionStore.swift; sourceTree = "<group>"; };
		E1480A7B45017C3E2A44619D /* ScoutAppDelegate.swift */ = {isa = PBXFileReference; lastKnownFileType = sourcecode.swift; path = ScoutAppDelegate.swift; sourceTree = "<group>"; };
		E204EEA7E7F90B8A9AE38FFF /* Info.plist */ = {isa = PBXFileReference; lastKnownFileType = text.plist; path = Info.plist; sourceTree = "<group>"; };
		E2C46A2565EF034B8EBDC0E7 /* AppStoreScreenshotMode.swift */ = {isa = PBXFileReference; lastKnownFileType = sourcecode.swift; path = AppStoreScreenshotMode.swift; sourceTree = "<group>"; };
		E37F081F478DEDB2F906765D /* KeyComponents.swift */ = {isa = PBXFileReference; lastKnownFileType = sourcecode.swift; path = KeyComponents.swift; sourceTree = "<group>"; };
		E51A81D21A37B458E927F61B /* SessionCache.swift */ = {isa = PBXFileReference; lastKnownFileType = sourcecode.swift; path = SessionCache.swift; sourceTree = "<group>"; };
		E61B31D0E2A906FC93D58001 /* SessionHistoryView.swift */ = {isa = PBXFileReference; lastKnownFileType = sourcecode.swift; path = SessionHistoryView.swift; sourceTree = "<group>"; };
		EA4CD2CFB1F49E1F0686A585 /* SpectatorView.swift */ = {isa = PBXFileReference; lastKnownFileType = sourcecode.swift; path = SpectatorView.swift; sourceTree = "<group>"; };
		EFAD4CD356A35B1F2E319563 /* ScoutCompactKeyboard.swift */ = {isa = PBXFileReference; lastKnownFileType = sourcecode.swift; path = ScoutCompactKeyboard.swift; sourceTree = "<group>"; };
/* End PBXFileReference section */

/* Begin PBXFrameworksBuildPhase section */
		411E084FE51FB2B17BF55954 /* Frameworks */ = {
			isa = PBXFrameworksBuildPhase;
			buildActionMask = 2147483647;
			files = (
				40BB09A722485DE63DE08361 /* FluidAudio in Frameworks */,
			);
			runOnlyForDeploymentPostprocessing = 0;
		};
/* End PBXFrameworksBuildPhase section */

/* Begin PBXGroup section */
		0042D17CF4C0BD4873490213 = {
			isa = PBXGroup;
			children = (
				77DE5C06068CFEF0AA09464B /* Scout */,
				05863478E11E3C2313195E16 /* ScoutTests */,
				0337B0B581B1E855D618C75C /* Products */,
			);
			sourceTree = "<group>";
		};
		0337B0B581B1E855D618C75C /* Products */ = {
			isa = PBXGroup;
			children = (
				95B30342DC09B9A9CD56EDB0 /* ScoutApp.app */,
				17807A002C04E20022167DC2 /* ScoutTests.xctest */,
			);
			name = Products;
			sourceTree = "<group>";
		};
		05863478E11E3C2313195E16 /* ScoutTests */ = {
			isa = PBXGroup;
			children = (
				9D2631C057E2ADADEB19ED90 /* ConnectionStatusPresentationTests.swift */,
				A156270D797264F0441EF34B /* TurnHashTests.swift */,
				8052CE4B644E12C72DE6DADB /* Security */,
			);
			path = ScoutTests;
			sourceTree = "<group>";
		};
		0EF028CD5FE053150F6365F8 /* Activity */ = {
			isa = PBXGroup;
			children = (
				688DB927C80A7AE21C85EE44 /* ActivityFeedView.swift */,
				45B1CD0EB80D2BFD312A1458 /* TailFeedView.swift */,
				945EA6AF206A01B7DD2B86FF /* TailFeedRow.swift */,
			);
			path = Activity;
			sourceTree = "<group>";
		};
		20420D1AD5DE18B3D0ED20EC /* Services */ = {
			isa = PBXGroup;
			children = (
				6785474255FC371E4500E054 /* BonjourRelayDiscovery.swift */,
				B2EA750A0F55A9FC1B40E156 /* ConnectionManager.swift */,
				9CF5798C218C705DF9DE1998 /* CrashCatcher.swift */,
				B99060478E7E956242D977B5 /* InboxStore.swift */,
				2E552A43E6BA2AB3110C09C8 /* PermissionAuthorizations.swift */,
				451CC5D7711018A3EB64FBA9 /* ScoutLog.swift */,
				346072AC5366E16E4A616FB6 /* ScoutNotificationDelegate.swift */,
				E51A81D21A37B458E927F61B /* SessionCache.swift */,
				DD6940B82A6F6FB299D5556A /* SessionStore.swift */,
				0B1014280AC32ECEFDC6123A /* TurnHash.swift */,
			);
			path = Services;
			sourceTree = "<group>";
		};
		2771BC91F699E13325A0D0A9 /* Keyboard */ = {
			isa = PBXGroup;
			children = (
				E37F081F478DEDB2F906765D /* KeyComponents.swift */,
				EFAD4CD356A35B1F2E319563 /* ScoutCompactKeyboard.swift */,
				89AB6BB7DED4B0586E7C9769 /* ScoutKeyboardView.swift */,
			);
			path = Keyboard;
			sourceTree = "<group>";
		};
		40E0C6191E5F1A8091F3DE70 /* Voice */ = {
			isa = PBXGroup;
			children = (
				57A264D8EE7E5047205E5849 /* ScoutVoice.swift */,
			);
			path = Voice;
			sourceTree = "<group>";
		};
		417B947BB7902B25DD001027 /* Resources */ = {
			isa = PBXGroup;
			children = (
				04511C1BCDD7DF678F39AB23 /* Assets.xcassets */,
				7581A7F96FA13C05D9867E85 /* scout-reveal.mp4 */,
			);
			path = Resources;
			sourceTree = "<group>";
		};
		46386624F8303C9353AEE28F /* Workspace */ = {
			isa = PBXGroup;
			children = (
				6D1C776B815385FC3B788C76 /* HarnessPickerView.swift */,
				8954092B5A751A7EBC5AD437 /* WorkspaceBrowserView.swift */,
			);
			path = Workspace;
			sourceTree = "<group>";
		};
		655D1D640EB95CB8B5338EF3 /* Navigation */ = {
			isa = PBXGroup;
			children = (
				10BA2E5EE2B7C4C28BF65201 /* AddressBarPill.swift */,
				10952B15E281C5F9E7ECBA08 /* EdgeSwipeGesture.swift */,
				5C59A482FB6106AD2EBEF23A /* ScoutBottomBar.swift */,
				110ABDD1A3E9A65540CD8EDC /* ScoutNavigationShell.swift */,
			);
			path = Navigation;
			sourceTree = "<group>";
		};
		6A881A2E98FAE9347CA9ADB4 /* Composer */ = {
			isa = PBXGroup;
			children = (
				2CA2ABB345CA1C4A48933F69 /* ComposerView.swift */,
				25FDE9E16EC017A6B945AF9D /* MicButton.swift */,
				9102509C4B05FADAF82B357D /* RecordingIndicator.swift */,
				06F85B4A803447D47B4A7372 /* ScoutTextField.swift */,
			);
			path = Composer;
			sourceTree = "<group>";
		};
		77DE5C06068CFEF0AA09464B /* Scout */ = {
			isa = PBXGroup;
			children = (
				E204EEA7E7F90B8A9AE38FFF /* Info.plist */,
				116CD8574D6F90085DC7E951 /* ScoutDebug.entitlements */,
				C8268ECA15DDAFB9D1C5B351 /* ScoutRelease.entitlements */,
				AA728CF631FF144FCEB9DE17 /* App */,
				B9D7CB5A5602706939BB7213 /* Models */,
				417B947BB7902B25DD001027 /* Resources */,
				7CD8AAB56579D6BA2161B0B2 /* Security */,
				20420D1AD5DE18B3D0ED20EC /* Services */,
				84CAD3644ECA6E0D8C04C52A /* Views */,
				40E0C6191E5F1A8091F3DE70 /* Voice */,
			);
			path = Scout;
			sourceTree = "<group>";
		};
		7CD8AAB56579D6BA2161B0B2 /* Security */ = {
			isa = PBXGroup;
			children = (
				49D6BFBD08AE670C1FC7B8A6 /* Identity.swift */,
				43071A343AD10BEA3B6162AA /* NoiseProtocol.swift */,
				97263B8D58CE2A2D5B8FEF46 /* QRPayload.swift */,
				2043B28142C57D92E9226882 /* SecureTransport.swift */,
			);
			path = Security;
			sourceTree = "<group>";
		};
		8052CE4B644E12C72DE6DADB /* Security */ = {
			isa = PBXGroup;
			children = (
				08B317D842F3C5606AC9AE81 /* NoiseProtocolTests.swift */,
			);
			path = Security;
			sourceTree = "<group>";
		};
		84CAD3644ECA6E0D8C04C52A /* Views */ = {
			isa = PBXGroup;
			children = (
				CD0DC1A52DFF1F128145DA0C /* SplashView.swift */,
				029C6049264D3C5EE524673E /* Theme.swift */,
				0EF028CD5FE053150F6365F8 /* Activity */,
				FAF4F04B7B7D29C2F3133636 /* Agents */,
				D1ACD5213D244EA64A7BBF67 /* AllSessions */,
				F539C32239630FBA3BCF3BB1 /* Blocks */,
				6A881A2E98FAE9347CA9ADB4 /* Composer */,
				A3CA4FF329970B1A022D0311 /* Discovery */,
				84CDCF5673D49C714DE6387F /* Home */,
				E5D70B5DE2A17815448061FD /* Inbox */,
				2771BC91F699E13325A0D0A9 /* Keyboard */,
				655D1D640EB95CB8B5338EF3 /* Navigation */,
				E31022DD011A60F3EC81D9D4 /* Onboarding */,
				EF79050E1B872D91E7D5E8F2 /* Pairing */,
				9685D4271DF0110810C14B66 /* SessionList */,
				C384666767182A9D2AA1C201 /* Settings */,
				E89975CDD4FB5B7DE1031867 /* Timeline */,
				46386624F8303C9353AEE28F /* Workspace */,
			);
			path = Views;
			sourceTree = "<group>";
		};
		84CDCF5673D49C714DE6387F /* Home */ = {
			isa = PBXGroup;
			children = (
				D9460188DFF1700D3892C49C /* HomeView.swift */,
				390280403D808E04858F3EA7 /* ScoutSearchField.swift */,
			);
			path = Home;
			sourceTree = "<group>";
		};
		9685D4271DF0110810C14B66 /* SessionList */ = {
			isa = PBXGroup;
			children = (
				E61B31D0E2A906FC93D58001 /* SessionHistoryView.swift */,
				D8D0C482CFF39891FF22556C /* SessionListView.swift */,
				16E69A9F79BC8EBB2C853CAC /* SessionRowView.swift */,
			);
			path = SessionList;
			sourceTree = "<group>";
		};
		A3CA4FF329970B1A022D0311 /* Discovery */ = {
			isa = PBXGroup;
			children = (
				3161549947E066F37145FB0C /* SessionDiscoveryView.swift */,
				EA4CD2CFB1F49E1F0686A585 /* SpectatorView.swift */,
			);
			path = Discovery;
			sourceTree = "<group>";
		};
		AA728CF631FF144FCEB9DE17 /* App */ = {
			isa = PBXGroup;
			children = (
				E2C46A2565EF034B8EBDC0E7 /* AppStoreScreenshotMode.swift */,
				09A0710F2737060ABA3FC0A0 /* ContentView.swift */,
				2B05A33D42DFC47E9C54BEE0 /* ScoutApp.swift */,
				E1480A7B45017C3E2A44619D /* ScoutAppDelegate.swift */,
				1E6C0A30A72EE6C72F54DC86 /* ScoutRouter.swift */,
			);
			path = App;
			sourceTree = "<group>";
		};
		B9D7CB5A5602706939BB7213 /* Models */ = {
			isa = PBXGroup;
			children = (
				8E41DEC22E607215EDBB5203 /* Events.swift */,
				44D8F1FFB1CB46F1A8E15322 /* HistoryRPC.swift */,
				C06649F0636F0648AB140561 /* Primitives.swift */,
				6D678FD46C36DEE704DF0493 /* RPC.swift */,
				672BAC9740CDC268986E4225 /* TailEvent.swift */,
			);
			path = Models;
			sourceTree = "<group>";
		};
		C384666767182A9D2AA1C201 /* Settings */ = {
			isa = PBXGroup;
			children = (
				37311097FD4418A4CC259888 /* LogView.swift */,
				3967724C6396B93527EC3A5C /* SettingsView.swift */,
			);
			path = Settings;
			sourceTree = "<group>";
		};
		D1ACD5213D244EA64A7BBF67 /* AllSessions */ = {
			isa = PBXGroup;
			children = (
				94046D6B74726E23BE9284D7 /* AllSessionsGridView.swift */,
				CBA76BF506FD778E1BC17EF0 /* SessionCardView.swift */,
			);
			path = AllSessions;
			sourceTree = "<group>";
		};
		E31022DD011A60F3EC81D9D4 /* Onboarding */ = {
			isa = PBXGroup;
			children = (
				07DE486878B8E8E6F3CB1BDF /* OnboardingView.swift */,
			);
			path = Onboarding;
			sourceTree = "<group>";
		};
		E5D70B5DE2A17815448061FD /* Inbox */ = {
			isa = PBXGroup;
			children = (
				DAD9F0954B70D484018D2E72 /* InboxView.swift */,
			);
			path = Inbox;
			sourceTree = "<group>";
		};
		E89975CDD4FB5B7DE1031867 /* Timeline */ = {
			isa = PBXGroup;
			children = (
				9D6165FD7CA7E5F70CAD1284 /* TimelineView.swift */,
				220AC3C67A7D1CAD996A28D5 /* TurnView.swift */,
			);
			path = Timeline;
			sourceTree = "<group>";
		};
		EF79050E1B872D91E7D5E8F2 /* Pairing */ = {
			isa = PBXGroup;
			children = (
				481B4B35E3666F78B9AC957A /* PairingView.swift */,
				0FA63A50829498017E386532 /* QRScannerView.swift */,
			);
			path = Pairing;
			sourceTree = "<group>";
		};
		F539C32239630FBA3BCF3BB1 /* Blocks */ = {
			isa = PBXGroup;
			children = (
				71846F0D3DB3191ABB98ECAB /* ActionBlockView.swift */,
				4CD01439D63376EE86259929 /* BlockView.swift */,
				5717C27B2F716F2B5AC2BFBE /* ErrorBlockView.swift */,
				1CB1259D202C983314D17199 /* FileBlockView.swift */,
				622F7388E33A9A08EA9913F4 /* QuestionBlockView.swift */,
				411CAD7D046E8100A43E7599 /* ReasoningBlockView.swift */,
				1111361D907783103CAF1029 /* TextBlockView.swift */,
			);
			path = Blocks;
			sourceTree = "<group>";
		};
		FAF4F04B7B7D29C2F3133636 /* Agents */ = {
			isa = PBXGroup;
			children = (
				975A62E531437F1FB6F2327D /* AgentDashboardSheet.swift */,
				37636DE22FF7F77AF5813D8D /* AgentDetailView.swift */,
				3D43A2017A04707A443F35BA /* AgentsView.swift */,
			);
			path = Agents;
			sourceTree = "<group>";
		};
/* End PBXGroup section */

/* Begin PBXNativeTarget section */
		14A66302F006B5E9904FA979 /* ScoutTests */ = {
			isa = PBXNativeTarget;
			buildConfigurationList = 771E8F5217CCA3CDB8155A2E /* Build configuration list for PBXNativeTarget "ScoutTests" */;
			buildPhases = (
				97E4ECC72541AC83B0BFE943 /* Sources */,
			);
			buildRules = (
			);
			dependencies = (
				AA941D862C23C52B51B55DD7 /* PBXTargetDependency */,
			);
			name = ScoutTests;
			packageProductDependencies = (
			);
			productName = ScoutTests;
			productReference = 17807A002C04E20022167DC2 /* ScoutTests.xctest */;
			productType = "com.apple.product-type.bundle.unit-test";
		};
		97688000DA122F10D909C3EF /* ScoutApp */ = {
			isa = PBXNativeTarget;
			buildConfigurationList = B3C997CC461C374C13A31408 /* Build configuration list for PBXNativeTarget "ScoutApp" */;
			buildPhases = (
				26B6047AEF90BF5BF76FC2C2 /* Sources */,
				A37EAA619566AF28720C0E62 /* Resources */,
				411E084FE51FB2B17BF55954 /* Frameworks */,
			);
			buildRules = (
			);
			dependencies = (
			);
			name = ScoutApp;
			packageProductDependencies = (
				00F1A9565B1EE831E901D4BB /* FluidAudio */,
			);
			productName = ScoutApp;
			productReference = 95B30342DC09B9A9CD56EDB0 /* ScoutApp.app */;
			productType = "com.apple.product-type.application";
		};
/* End PBXNativeTarget section */

/* Begin PBXProject section */
		41B094AA7B81704D49814DA7 /* Project object */ = {
			isa = PBXProject;
			attributes = {
				BuildIndependentTargetsInParallel = YES;
				LastUpgradeCheck = 1430;
				TargetAttributes = {
					14A66302F006B5E9904FA979 = {
						DevelopmentTeam = 2U83JFPW66;
					};
					97688000DA122F10D909C3EF = {
						DevelopmentTeam = 2U83JFPW66;
					};
				};
			};
			buildConfigurationList = 5B00B5C06AFC6A6CA624DCFE /* Build configuration list for PBXProject "Scout" */;
			compatibilityVersion = "Xcode 14.0";
			developmentRegion = en;
			hasScannedForEncodings = 0;
			knownRegions = (
				Base,
				en,
			);
			mainGroup = 0042D17CF4C0BD4873490213;
			minimizedProjectReferenceProxies = 1;
			packageReferences = (
				4444AAE709EC21FF36F3DC04 /* XCRemoteSwiftPackageReference "FluidAudio" */,
			);
			preferredProjectObjectVersion = 77;
			projectDirPath = "";
			projectRoot = "";
			targets = (
				97688000DA122F10D909C3EF /* ScoutApp */,
				14A66302F006B5E9904FA979 /* ScoutTests */,
			);
		};
/* End PBXProject section */

/* Begin PBXResourcesBuildPhase section */
		A37EAA619566AF28720C0E62 /* Resources */ = {
			isa = PBXResourcesBuildPhase;
			buildActionMask = 2147483647;
			files = (
				401B8B1200C88EDF5DBFBF4F /* Assets.xcassets in Resources */,
				65F0D2F7B31AA42A9867B1BA /* scout-reveal.mp4 in Resources */,
			);
			runOnlyForDeploymentPostprocessing = 0;
		};
/* End PBXResourcesBuildPhase section */

/* Begin PBXSourcesBuildPhase section */
		26B6047AEF90BF5BF76FC2C2 /* Sources */ = {
			isa = PBXSourcesBuildPhase;
			buildActionMask = 2147483647;
			files = (
				C5AAC1B07CC4593997CC7A1E /* ActionBlockView.swift in Sources */,
				0925DEE6A5BFA1C0199C2EB5 /* ActivityFeedView.swift in Sources */,
				DA89CEF284347FCCA2AB04E8 /* AddressBarPill.swift in Sources */,
				09D6951497744C64592F204D /* AgentDashboardSheet.swift in Sources */,
				A724E9F833E30B8FB02BAE08 /* AgentDetailView.swift in Sources */,
				4F6B19AF43BFDFA1FD35963C /* AgentsView.swift in Sources */,
				1BF5B43FCC85EB3FAD07F724 /* AllSessionsGridView.swift in Sources */,
				CBCE2EADF2F6B1EDB5DF3CC0 /* AppStoreScreenshotMode.swift in Sources */,
				97F9CF6388F7B35B757675B2 /* BlockView.swift in Sources */,
				3A1A90D0F9B7A395CA5031CE /* BonjourRelayDiscovery.swift in Sources */,
				105F24BC57F5A44E8AA397E7 /* ComposerView.swift in Sources */,
				928B8FEA4EA1A6731D9F468F /* ConnectionManager.swift in Sources */,
				717B115B4EF3038DDA164F8A /* ContentView.swift in Sources */,
				11A4CF43DDF609207B0C2FA0 /* CrashCatcher.swift in Sources */,
				EF85469C0FD2BC422025BF62 /* EdgeSwipeGesture.swift in Sources */,
				E87A5CDE5849A4D43F98E0D7 /* ErrorBlockView.swift in Sources */,
				A50AB845B5B69E8F3839348C /* Events.swift in Sources */,
				4C4D0937368EECDAE8EFC76B /* FileBlockView.swift in Sources */,
				C4CA05A67798BC75878B8B88 /* HarnessPickerView.swift in Sources */,
				FC900834CED212A124E3D589 /* HistoryRPC.swift in Sources */,
				3B43F694BB7BE9915A5D466F /* HomeView.swift in Sources */,
				8D3F4293E86ED617E69A2612 /* Identity.swift in Sources */,
				41833F2E53B09040B8C2C4C4 /* InboxStore.swift in Sources */,
				EC11BB9A776C6903A477A870 /* InboxView.swift in Sources */,
				4C338EE4D28D668134EA3F52 /* KeyComponents.swift in Sources */,
				4FC9249A9F6D914920B77F99 /* LogView.swift in Sources */,
				4476BB46CE8DC39B4CBC67CA /* MicButton.swift in Sources */,
				2E7028BB05A0F7A013B51FCD /* NoiseProtocol.swift in Sources */,
				22198F2E0712C7093485DF3E /* OnboardingView.swift in Sources */,
				3DCA49831D5D6A725231D2EF /* PairingView.swift in Sources */,
				1521983CBAFA97F03E3DC9D6 /* PermissionAuthorizations.swift in Sources */,
				41219D151E0B15AB2EDDA8FF /* Primitives.swift in Sources */,
				EEC617F0495EAE3F9D6F3A58 /* QRPayload.swift in Sources */,
				06F4D7440C5920144D801BEE /* QRScannerView.swift in Sources */,
				CB5753E1996ECD1B8E3D73C5 /* QuestionBlockView.swift in Sources */,
				A8FBB96BCACD70C0303EC45D /* RPC.swift in Sources */,
				ECEDCF709BDAE4260FDE7161 /* ReasoningBlockView.swift in Sources */,
				2E233FBDD7ABD16D18172BAC /* RecordingIndicator.swift in Sources */,
				89C658D59512376E44D79698 /* ScoutApp.swift in Sources */,
				7FB90125803C0B185AE36E74 /* ScoutAppDelegate.swift in Sources */,
				676D68D8E8A12B4607055123 /* ScoutBottomBar.swift in Sources */,
				CCB65C48A10E885795764D27 /* ScoutCompactKeyboard.swift in Sources */,
				38D003C041D9ACB728447B4B /* ScoutKeyboardView.swift in Sources */,
				F52869C4547FCD738992F356 /* ScoutLog.swift in Sources */,
				11ABE7E5EC9EAFE29087C37F /* ScoutNavigationShell.swift in Sources */,
				9E4880CB55B6D95BF2DF11E8 /* ScoutNotificationDelegate.swift in Sources */,
				6E27EE08D0DECC675FB8AA5E /* ScoutRouter.swift in Sources */,
				C6FACCAD49E7E43628B33F79 /* ScoutSearchField.swift in Sources */,
				94E40717522CC80B764A1EA8 /* ScoutTextField.swift in Sources */,
				0D8E3C52A8CEBDE452DB5A70 /* ScoutVoice.swift in Sources */,
				DF22D6C8EE12251B47279018 /* SecureTransport.swift in Sources */,
				A6C0D4FC3028FA5637640C66 /* SessionCache.swift in Sources */,
				43C16D70F1056087789D0C39 /* SessionCardView.swift in Sources */,
				7B50398135D3578EC1D3A90B /* SessionDiscoveryView.swift in Sources */,
				A1B5F24217CBB3425E19F75C /* SessionHistoryView.swift in Sources */,
				003CF78F249EE6A85678457F /* SessionListView.swift in Sources */,
				EF36CE2CE7EE4F684BABD283 /* SessionRowView.swift in Sources */,
				CCFF56AC0101E94DC30A7EF5 /* SessionStore.swift in Sources */,
				38CDA54A82A9CCE4B4D5BF23 /* SettingsView.swift in Sources */,
				B9CFB0140672C58FAEFE1006 /* SpectatorView.swift in Sources */,
				17A48936E093A7BE6A44D135 /* SplashView.swift in Sources */,
				0D1C62514CC0961737A7DF5A /* TailFeedView.swift in Sources */,
				9936B051C2ACDE2D4DDAEF9A /* TailEvent.swift in Sources */,
				CB7347AF49314946F2FC22C2 /* TailFeedRow.swift in Sources */,
				5C568548FBEF22CDE57196DE /* TextBlockView.swift in Sources */,
				2BE63822046698F6281DED9E /* Theme.swift in Sources */,
				82F0EA626092AD1FD2889BAB /* TimelineView.swift in Sources */,
				79FFC939B11C65EC1EDC094F /* TurnHash.swift in Sources */,
				1B548F5201CC047B5E766FEA /* TurnView.swift in Sources */,
				F2339562BD7F60D19A3F608C /* WorkspaceBrowserView.swift in Sources */,
			);
			runOnlyForDeploymentPostprocessing = 0;
		};
		97E4ECC72541AC83B0BFE943 /* Sources */ = {
			isa = PBXSourcesBuildPhase;
			buildActionMask = 2147483647;
			files = (
				496DA7B61427F3321BFF87AB /* ConnectionStatusPresentationTests.swift in Sources */,
				1CF13F1DB8DEEBB963158C84 /* NoiseProtocolTests.swift in Sources */,
				71F946099994958BF4142988 /* TurnHashTests.swift in Sources */,
			);
			runOnlyForDeploymentPostprocessing = 0;
		};
/* End PBXSourcesBuildPhase section */

/* Begin PBXTargetDependency section */
		AA941D862C23C52B51B55DD7 /* PBXTargetDependency */ = {
			isa = PBXTargetDependency;
			target = 97688000DA122F10D909C3EF /* ScoutApp */;
			targetProxy = 4D14C9C75DE4C5F4F0B2FB7E /* PBXContainerItemProxy */;
		};
/* End PBXTargetDependency section */

/* Begin XCBuildConfiguration section */
		6EF4765B3B8BFB47E7FACC01 /* Release */ = {
			isa = XCBuildConfiguration;
			buildSettings = {
				ASSETCATALOG_COMPILER_APPICON_NAME = AppIcon;
				ASSETCATALOG_COMPILER_GLOBAL_ACCENT_COLOR_NAME = AccentColor;
				CODE_SIGN_ENTITLEMENTS = Scout/ScoutRelease.entitlements;
				CODE_SIGN_IDENTITY = "iPhone Developer";
				CURRENT_PROJECT_VERSION = 1;
				GENERATE_INFOPLIST_FILE = YES;
				INFOPLIST_FILE = Scout/Info.plist;
				INFOPLIST_KEY_CFBundleDisplayName = Scout;
				INFOPLIST_KEY_NSCameraUsageDescription = "Scout uses the camera to scan QR codes for mobile pairing";
				INFOPLIST_KEY_NSMicrophoneUsageDescription = "Scout uses the microphone for voice-to-text input";
				INFOPLIST_KEY_NSSpeechRecognitionUsageDescription = "Scout uses on-device speech recognition to transcribe voice input";
				INFOPLIST_KEY_UIApplicationSceneManifest_Generation = YES;
				INFOPLIST_KEY_UIApplicationSupportsIndirectInputEvents = YES;
				INFOPLIST_KEY_UILaunchScreen_Generation = YES;
				INFOPLIST_KEY_UISupportedInterfaceOrientations_iPad = "UIInterfaceOrientationPortrait UIInterfaceOrientationPortraitUpsideDown UIInterfaceOrientationLandscapeLeft UIInterfaceOrientationLandscapeRight";
				INFOPLIST_KEY_UISupportedInterfaceOrientations_iPhone = UIInterfaceOrientationAllButUpsideDown;
				LD_RUNPATH_SEARCH_PATHS = (
					"$(inherited)",
					"@executable_path/Frameworks",
				);
				MARKETING_VERSION = 0.2.16;
				PRODUCT_BUNDLE_IDENTIFIER = com.openscout.scout;
				PRODUCT_MODULE_NAME = ScoutApp;
				PRODUCT_NAME = Scout;
				SDKROOT = iphoneos;
				TARGETED_DEVICE_FAMILY = "1,2";
			};
			name = Release;
		};
		80DB0ECF052AE81D8C6B69FC /* Release */ = {
			isa = XCBuildConfiguration;
			buildSettings = {
				ALWAYS_SEARCH_USER_PATHS = NO;
				CLANG_ANALYZER_NONNULL = YES;
				CLANG_ANALYZER_NUMBER_OBJECT_CONVERSION = YES_AGGRESSIVE;
				CLANG_CXX_LANGUAGE_STANDARD = "gnu++14";
				CLANG_CXX_LIBRARY = "libc++";
				CLANG_ENABLE_MODULES = YES;
				CLANG_ENABLE_OBJC_ARC = YES;
				CLANG_ENABLE_OBJC_WEAK = YES;
				CLANG_WARN_BLOCK_CAPTURE_AUTORELEASING = YES;
				CLANG_WARN_BOOL_CONVERSION = YES;
				CLANG_WARN_COMMA = YES;
				CLANG_WARN_CONSTANT_CONVERSION = YES;
				CLANG_WARN_DEPRECATED_OBJC_IMPLEMENTATIONS = YES;
				CLANG_WARN_DIRECT_OBJC_ISA_USAGE = YES_ERROR;
				CLANG_WARN_DOCUMENTATION_COMMENTS = YES;
				CLANG_WARN_EMPTY_BODY = YES;
				CLANG_WARN_ENUM_CONVERSION = YES;
				CLANG_WARN_INFINITE_RECURSION = YES;
				CLANG_WARN_INT_CONVERSION = YES;
				CLANG_WARN_NON_LITERAL_NULL_CONVERSION = YES;
				CLANG_WARN_OBJC_IMPLICIT_RETAIN_SELF = YES;
				CLANG_WARN_OBJC_LITERAL_CONVERSION = YES;
				CLANG_WARN_OBJC_ROOT_CLASS = YES_ERROR;
				CLANG_WARN_QUOTED_INCLUDE_IN_FRAMEWORK_HEADER = YES;
				CLANG_WARN_RANGE_LOOP_ANALYSIS = YES;
				CLANG_WARN_STRICT_PROTOTYPES = YES;
				CLANG_WARN_SUSPICIOUS_MOVE = YES;
				CLANG_WARN_UNGUARDED_AVAILABILITY = YES_AGGRESSIVE;
				CLANG_WARN_UNREACHABLE_CODE = YES;
				CLANG_WARN__DUPLICATE_METHOD_MATCH = YES;
				COPY_PHASE_STRIP = NO;
				DEBUG_INFORMATION_FORMAT = "dwarf-with-dsym";
				DEVELOPMENT_TEAM = 2U83JFPW66;
				ENABLE_NS_ASSERTIONS = NO;
				ENABLE_STRICT_OBJC_MSGSEND = YES;
				GCC_C_LANGUAGE_STANDARD = gnu11;
				GCC_NO_COMMON_BLOCKS = YES;
				GCC_WARN_64_TO_32_BIT_CONVERSION = YES;
				GCC_WARN_ABOUT_RETURN_TYPE = YES_ERROR;
				GCC_WARN_UNDECLARED_SELECTOR = YES;
				GCC_WARN_UNINITIALIZED_AUTOS = YES_AGGRESSIVE;
				GCC_WARN_UNUSED_FUNCTION = YES;
				GCC_WARN_UNUSED_VARIABLE = YES;
				IPHONEOS_DEPLOYMENT_TARGET = 26.0;
				MTL_ENABLE_DEBUG_INFO = NO;
				MTL_FAST_MATH = YES;
				PRODUCT_NAME = "$(TARGET_NAME)";
				SDKROOT = iphoneos;
				SWIFT_COMPILATION_MODE = wholemodule;
				SWIFT_OPTIMIZATION_LEVEL = "-O";
				SWIFT_VERSION = 6.0;
			};
			name = Release;
		};
		8EA87F5FEB794E3AC0D021CD /* Debug */ = {
			isa = XCBuildConfiguration;
			buildSettings = {
				BUNDLE_LOADER = "$(TEST_HOST)";
				LD_RUNPATH_SEARCH_PATHS = (
					"$(inherited)",
					"@executable_path/Frameworks",
					"@loader_path/Frameworks",
				);
				PRODUCT_BUNDLE_IDENTIFIER = com.openscout.ScoutTests;
				SDKROOT = iphoneos;
				TARGETED_DEVICE_FAMILY = "1,2";
				TEST_HOST = "$(BUILT_PRODUCTS_DIR)/ScoutApp.app/ScoutApp";
			};
			name = Debug;
		};
		BAD229AE14D87433F90E1913 /* Debug */ = {
			isa = XCBuildConfiguration;
			buildSettings = {
				ALWAYS_SEARCH_USER_PATHS = NO;
				CLANG_ANALYZER_NONNULL = YES;
				CLANG_ANALYZER_NUMBER_OBJECT_CONVERSION = YES_AGGRESSIVE;
				CLANG_CXX_LANGUAGE_STANDARD = "gnu++14";
				CLANG_CXX_LIBRARY = "libc++";
				CLANG_ENABLE_MODULES = YES;
				CLANG_ENABLE_OBJC_ARC = YES;
				CLANG_ENABLE_OBJC_WEAK = YES;
				CLANG_WARN_BLOCK_CAPTURE_AUTORELEASING = YES;
				CLANG_WARN_BOOL_CONVERSION = YES;
				CLANG_WARN_COMMA = YES;
				CLANG_WARN_CONSTANT_CONVERSION = YES;
				CLANG_WARN_DEPRECATED_OBJC_IMPLEMENTATIONS = YES;
				CLANG_WARN_DIRECT_OBJC_ISA_USAGE = YES_ERROR;
				CLANG_WARN_DOCUMENTATION_COMMENTS = YES;
				CLANG_WARN_EMPTY_BODY = YES;
				CLANG_WARN_ENUM_CONVERSION = YES;
				CLANG_WARN_INFINITE_RECURSION = YES;
				CLANG_WARN_INT_CONVERSION = YES;
				CLANG_WARN_NON_LITERAL_NULL_CONVERSION = YES;
				CLANG_WARN_OBJC_IMPLICIT_RETAIN_SELF = YES;
				CLANG_WARN_OBJC_LITERAL_CONVERSION = YES;
				CLANG_WARN_OBJC_ROOT_CLASS = YES_ERROR;
				CLANG_WARN_QUOTED_INCLUDE_IN_FRAMEWORK_HEADER = YES;
				CLANG_WARN_RANGE_LOOP_ANALYSIS = YES;
				CLANG_WARN_STRICT_PROTOTYPES = YES;
				CLANG_WARN_SUSPICIOUS_MOVE = YES;
				CLANG_WARN_UNGUARDED_AVAILABILITY = YES_AGGRESSIVE;
				CLANG_WARN_UNREACHABLE_CODE = YES;
				CLANG_WARN__DUPLICATE_METHOD_MATCH = YES;
				COPY_PHASE_STRIP = NO;
				DEBUG_INFORMATION_FORMAT = dwarf;
				DEVELOPMENT_TEAM = 2U83JFPW66;
				ENABLE_STRICT_OBJC_MSGSEND = YES;
				ENABLE_TESTABILITY = YES;
				GCC_C_LANGUAGE_STANDARD = gnu11;
				GCC_DYNAMIC_NO_PIC = NO;
				GCC_NO_COMMON_BLOCKS = YES;
				GCC_OPTIMIZATION_LEVEL = 0;
				GCC_PREPROCESSOR_DEFINITIONS = (
					"$(inherited)",
					"DEBUG=1",
				);
				GCC_WARN_64_TO_32_BIT_CONVERSION = YES;
				GCC_WARN_ABOUT_RETURN_TYPE = YES_ERROR;
				GCC_WARN_UNDECLARED_SELECTOR = YES;
				GCC_WARN_UNINITIALIZED_AUTOS = YES_AGGRESSIVE;
				GCC_WARN_UNUSED_FUNCTION = YES;
				GCC_WARN_UNUSED_VARIABLE = YES;
				IPHONEOS_DEPLOYMENT_TARGET = 26.0;
				MTL_ENABLE_DEBUG_INFO = INCLUDE_SOURCE;
				MTL_FAST_MATH = YES;
				ONLY_ACTIVE_ARCH = YES;
				PRODUCT_NAME = "$(TARGET_NAME)";
				SDKROOT = iphoneos;
				SWIFT_ACTIVE_COMPILATION_CONDITIONS = DEBUG;
				SWIFT_OPTIMIZATION_LEVEL = "-Onone";
				SWIFT_VERSION = 6.0;
			};
			name = Debug;
		};
		BE211100914FD259669C09E3 /* Debug */ = {
			isa = XCBuildConfiguration;
			buildSettings = {
				ASSETCATALOG_COMPILER_APPICON_NAME = AppIcon;
				ASSETCATALOG_COMPILER_GLOBAL_ACCENT_COLOR_NAME = AccentColor;
				CODE_SIGN_ENTITLEMENTS = Scout/ScoutDebug.entitlements;
				CODE_SIGN_IDENTITY = "iPhone Developer";
				CURRENT_PROJECT_VERSION = 1;
				GENERATE_INFOPLIST_FILE = YES;
				INFOPLIST_FILE = Scout/Info.plist;
				INFOPLIST_KEY_CFBundleDisplayName = Scout;
				INFOPLIST_KEY_NSCameraUsageDescription = "Scout uses the camera to scan QR codes for mobile pairing";
				INFOPLIST_KEY_NSMicrophoneUsageDescription = "Scout uses the microphone for voice-to-text input";
				INFOPLIST_KEY_NSSpeechRecognitionUsageDescription = "Scout uses on-device speech recognition to transcribe voice input";
				INFOPLIST_KEY_UIApplicationSceneManifest_Generation = YES;
				INFOPLIST_KEY_UIApplicationSupportsIndirectInputEvents = YES;
				INFOPLIST_KEY_UILaunchScreen_Generation = YES;
				INFOPLIST_KEY_UISupportedInterfaceOrientations_iPad = "UIInterfaceOrientationPortrait UIInterfaceOrientationPortraitUpsideDown UIInterfaceOrientationLandscapeLeft UIInterfaceOrientationLandscapeRight";
				INFOPLIST_KEY_UISupportedInterfaceOrientations_iPhone = UIInterfaceOrientationAllButUpsideDown;
				LD_RUNPATH_SEARCH_PATHS = (
					"$(inherited)",
					"@executable_path/Frameworks",
				);
				MARKETING_VERSION = 0.2.16;
				PRODUCT_BUNDLE_IDENTIFIER = com.openscout.scout;
				PRODUCT_MODULE_NAME = ScoutApp;
				PRODUCT_NAME = Scout;
				SDKROOT = iphoneos;
				TARGETED_DEVICE_FAMILY = "1,2";
			};
			name = Debug;
		};
		E00B1EFEE8C74D7A5AC5E80C /* Release */ = {
			isa = XCBuildConfiguration;
			buildSettings = {
				BUNDLE_LOADER = "$(TEST_HOST)";
				LD_RUNPATH_SEARCH_PATHS = (
					"$(inherited)",
					"@executable_path/Frameworks",
					"@loader_path/Frameworks",
				);
				PRODUCT_BUNDLE_IDENTIFIER = com.openscout.ScoutTests;
				SDKROOT = iphoneos;
				TARGETED_DEVICE_FAMILY = "1,2";
				TEST_HOST = "$(BUILT_PRODUCTS_DIR)/ScoutApp.app/ScoutApp";
			};
			name = Release;
		};
/* End XCBuildConfiguration section */

/* Begin XCConfigurationList section */
		5B00B5C06AFC6A6CA624DCFE /* Build configuration list for PBXProject "Scout" */ = {
			isa = XCConfigurationList;
			buildConfigurations = (
				BAD229AE14D87433F90E1913 /* Debug */,
				80DB0ECF052AE81D8C6B69FC /* Release */,
			);
			defaultConfigurationIsVisible = 0;
			defaultConfigurationName = Debug;
		};
		771E8F5217CCA3CDB8155A2E /* Build configuration list for PBXNativeTarget "ScoutTests" */ = {
			isa = XCConfigurationList;
			buildConfigurations = (
				8EA87F5FEB794E3AC0D021CD /* Debug */,
				E00B1EFEE8C74D7A5AC5E80C /* Release */,
			);
			defaultConfigurationIsVisible = 0;
			defaultConfigurationName = Debug;
		};
		B3C997CC461C374C13A31408 /* Build configuration list for PBXNativeTarget "ScoutApp" */ = {
			isa = XCConfigurationList;
			buildConfigurations = (
				BE211100914FD259669C09E3 /* Debug */,
				6EF4765B3B8BFB47E7FACC01 /* Release */,
			);
			defaultConfigurationIsVisible = 0;
			defaultConfigurationName = Debug;
		};
/* End XCConfigurationList section */

/* Begin XCRemoteSwiftPackageReference section */
		4444AAE709EC21FF36F3DC04 /* XCRemoteSwiftPackageReference "FluidAudio" */ = {
			isa = XCRemoteSwiftPackageReference;
			repositoryURL = "https://github.com/FluidInference/FluidAudio.git";
			requirement = {
				kind = exactVersion;
				version = 0.13.6;
			};
		};
/* End XCRemoteSwiftPackageReference section */

/* Begin XCSwiftPackageProductDependency section */
		00F1A9565B1EE831E901D4BB /* FluidAudio */ = {
			isa = XCSwiftPackageProductDependency;
			package = 4444AAE709EC21FF36F3DC04 /* XCRemoteSwiftPackageReference "FluidAudio" */;
			productName = FluidAudio;
		};
/* End XCSwiftPackageProductDependency section */
	};
	rootObject = 41B094AA7B81704D49814DA7 /* Project object */;
}
